<?xml version="1.0" encoding="UTF-8"?>
<Scheme
   LastUpgradeVersion = "0510"
   version = "1.7">
   <BuildAction
      parallelizeBuildables = "YES"
      buildImplicitDependencies = "YES">
      <PreActions>
         <ExecutionAction
            ActionType = "Xcode.IDEStandardExecutionActionsCore.ExecutionActionType.ShellScriptAction">
            <ActionContent
               title = "Run Script"
               scriptText = "cp -R &quot;$SRCROOT/SAWaterLevel/en.lproj&quot; &quot;$SRCROOT/SAWaterTodayWidget/&quot;&#10;cp -R &quot;$SRCROOT/SAWaterLevel/es.lproj&quot; &quot;$SRCROOT/SAWaterTodayWidget/&quot;">
               <EnvironmentBuildable>
                  <BuildableReference
                     BuildableIdentifier = "primary"
                     BlueprintIdentifier = "B0C95A84193A4B0600A6F1FA"
                     BuildableName = "SAWaterLevel.app"
                     BlueprintName = "SAWaterLevel"
                     ReferencedContainer = "container:SAWaterLevel.xcodeproj">
                  </BuildableReference>
               </EnvironmentBuildable>
            </ActionContent>
         </ExecutionAction>
      </PreActions>
      <BuildActionEntries>
         <BuildActionEntry
            buildForTesting = "YES"
            buildForRunning = "YES"
            buildForProfiling = "YES"
            buildForArchiving = "YES"
            buildForAnalyzing = "YES">
            <BuildableReference
               BuildableIdentifier = "primary"
               BlueprintIdentifier = "B0C95A84193A4B0600A6F1FA"
               BuildableName = "SAWaterLevel.app"
               BlueprintName = "SAWaterLevel"
               ReferencedContainer = "container:SAWaterLevel.xcodeproj">
            </BuildableReference>
         </BuildActionEntry>
         <BuildActionEntry
            buildForTesting = "YES"
            buildForRunning = "YES"
            buildForProfiling = "NO"
            buildForArchiving = "NO"
            buildForAnalyzing = "YES">
            <BuildableReference
               BuildableIdentifier = "primary"
               BlueprintIdentifier = "B03ED6CA1B1BF7D60027F59B"
               BuildableName = "SAWaterLevelCommonTests.xctest"
               BlueprintName = "SAWaterLevelCommonTests"
               ReferencedContainer = "container:SAWaterLevel.xcodeproj">
            </BuildableReference>
         </BuildActionEntry>
      </BuildActionEntries>
   </BuildAction>
   <TestAction
      selectedDebuggerIdentifier = "Xcode.DebuggerFoundation.Debugger.LLDB"
      selectedLauncherIdentifier = "Xcode.DebuggerFoundation.Launcher.LLDB"
      shouldUseLaunchSchemeArgsEnv = "YES"
      buildConfiguration = "Debug">
      <Testables>
         <TestableReference
            skipped = "NO">
            <BuildableReference
               BuildableIdentifier = "primary"
               BlueprintIdentifier = "B0C95AA8193A4B0600A6F1FA"
               BuildableName = "SAWaterLevelTests.xctest"
               BlueprintName = "SAWaterLevelTests"
               ReferencedContainer = "container:SAWaterLevel.xcodeproj">
            </BuildableReference>
         </TestableReference>
         <TestableReference
            skipped = "NO">
            <BuildableReference
               BuildableIdentifier = "primary"
               BlueprintIdentifier = "B03ED6CA1B1BF7D60027F59B"
               BuildableName = "SAWaterLevelCommonTests.xctest"
               BlueprintName = "SAWaterLevelCommonTests"
               ReferencedContainer = "container:SAWaterLevel.xcodeproj">
            </BuildableReference>
         </TestableReference>
      </Testables>
      <MacroExpansion>
         <BuildableReference
            BuildableIdentifier = "primary"
            BlueprintIdentifier = "B0C95A84193A4B0600A6F1FA"
            BuildableName = "SAWaterLevel.app"
            BlueprintName = "SAWaterLevel"
            ReferencedContainer = "container:SAWaterLevel.xcodeproj">
         </BuildableReference>
      </MacroExpansion>
   </TestAction>
   <LaunchAction
      selectedDebuggerIdentifier = "Xcode.DebuggerFoundation.Debugger.LLDB"
      selectedLauncherIdentifier = "Xcode.DebuggerFoundation.Launcher.LLDB"
      launchStyle = "0"
      useCustomWorkingDirectory = "NO"
      buildConfiguration = "Debug"
      ignoresPersistentStateOnLaunch = "NO"
      debugDocumentVersioning = "YES"
      allowLocationSimulation = "YES">
      <BuildableProductRunnable
         runnableDebuggingMode = "0">
         <BuildableReference
            BuildableIdentifier = "primary"
            BlueprintIdentifier = "B0C95A84193A4B0600A6F1FA"
            BuildableName = "SAWaterLevel.app"
            BlueprintName = "SAWaterLevel"
            ReferencedContainer = "container:SAWaterLevel.xcodeproj">
         </BuildableReference>
      </BuildableProductRunnable>
      <AdditionalOptions>
      </AdditionalOptions>
   </LaunchAction>
   <ProfileAction
      shouldUseLaunchSchemeArgsEnv = "YES"
      savedToolIdentifier = ""
      useCustomWorkingDirectory = "NO"
      buildConfiguration = "Release"
      debugDocumentVersioning = "YES">
      <BuildableProductRunnable
         runnableDebuggingMode = "0">
         <BuildableReference
            BuildableIdentifier = "primary"
            BlueprintIdentifier = "B0C95A84193A4B0600A6F1FA"
            BuildableName = "SAWaterLevel.app"
            BlueprintName = "SAWaterLevel"
            ReferencedContainer = "container:SAWaterLevel.xcodeproj">
         </BuildableReference>
      </BuildableProductRunnable>
   </ProfileAction>
   <AnalyzeAction
      buildConfiguration = "Debug">
   </AnalyzeAction>
   <ArchiveAction
      buildConfiguration = "Release"
      revealArchiveInOrganizer = "YES">
   </ArchiveAction>
</Scheme>
