// !$*UTF8*$!
{
	archiveVersion = 1;
	classes = {
	};
	objectVersion = 46;
	objects = {

/* Begin PBXBuildFile section */
		B0466FD2197F5C50009E1FBC /* Settings.bundle in Resources */ = {isa = PBXBuildFile; fileRef = B0466FD1197F5C50009E1FBC /* Settings.bundle */; };
		B0466FDC19808BA3009E1FBC /* SAWHistoricalDataMenuViewController.m in Sources */ = {isa = PBXBuildFile; fileRef = B0466FDB19808BA3009E1FBC /* SAWHistoricalDataMenuViewController.m */; };
		B09C39151970C180003F5BA8 /* SAWDataController.m in Sources */ = {isa = PBXBuildFile; fileRef = B09C39141970C180003F5BA8 /* SAWDataController.m */; };
		B09C39171970C9B9003F5BA8 /* MapKit.framework in Frameworks */ = {isa = PBXBuildFile; fileRef = B09C39161970C9B9003F5BA8 /* MapKit.framework */; };
		B09C391A19717A54003F5BA8 /* SAWIrrigationSchedule.m in Sources */ = {isa = PBXBuildFile; fileRef = B09C391919717A54003F5BA8 /* SAWIrrigationSchedule.m */; };
		B09C391E19717D71003F5BA8 /* SAWRemindersViewController.m in Sources */ = {isa = PBXBuildFile; fileRef = B09C391D19717D71003F5BA8 /* SAWRemindersViewController.m */; };
		B09C392419717F27003F5BA8 /* SAWCurrentLevelDataSource.m in Sources */ = {isa = PBXBuildFile; fileRef = B09C392319717F27003F5BA8 /* SAWCurrentLevelDataSource.m */; };
		B09C3928197181C9003F5BA8 /* UIStoryboardSegue+TargetDestination.m in Sources */ = {isa = PBXBuildFile; fileRef = B09C3927197181C9003F5BA8 /* UIStoryboardSegue+TargetDestination.m */; };
		B09C3931197183E7003F5BA8 /* SAWStageLevel+UI.m in Sources */ = {isa = PBXBuildFile; fileRef = B09C3930197183E7003F5BA8 /* SAWStageLevel+UI.m */; };
		B09C393419719287003F5BA8 /* SAWStageLevel.m in Sources */ = {isa = PBXBuildFile; fileRef = B09C393319719287003F5BA8 /* SAWStageLevel.m */; };
		B09C39451971963D003F5BA8 /* WebContent in Resources */ = {isa = PBXBuildFile; fileRef = B09C39441971963D003F5BA8 /* WebContent */; };
		B09C39481971C262003F5BA8 /* SAWLocalNotificationManager.m in Sources */ = {isa = PBXBuildFile; fileRef = B09C39471971C262003F5BA8 /* SAWLocalNotificationManager.m */; };
		B09C394B1971D1E8003F5BA8 /* SAWStageLevel.m in Sources */ = {isa = PBXBuildFile; fileRef = B09C393319719287003F5BA8 /* SAWStageLevel.m */; };
		B09C394E197237EB003F5BA8 /* SAWLocalNotificationManager.m in Sources */ = {isa = PBXBuildFile; fileRef = B09C39471971C262003F5BA8 /* SAWLocalNotificationManager.m */; };
		B09C39561972384D003F5BA8 /* SAWStageLevelTest.m in Sources */ = {isa = PBXBuildFile; fileRef = B09C39531972384D003F5BA8 /* SAWStageLevelTest.m */; };
		B09C39571972384D003F5BA8 /* SAWLocalNotificationManagerTest.m in Sources */ = {isa = PBXBuildFile; fileRef = B09C39551972384D003F5BA8 /* SAWLocalNotificationManagerTest.m */; };
		B0B87076197C722800F367FB /* SAWIrrigationSchedule.m in Sources */ = {isa = PBXBuildFile; fileRef = B09C391919717A54003F5BA8 /* SAWIrrigationSchedule.m */; };
		B0B87079197C757B00F367FB /* SAWConstants.m in Sources */ = {isa = PBXBuildFile; fileRef = B0B87078197C757B00F367FB /* SAWConstants.m */; };
		B0B8707C197CB97300F367FB /* SAWStageLevelDescrepencyEducationView.m in Sources */ = {isa = PBXBuildFile; fileRef = B0B8707B197CB97300F367FB /* SAWStageLevelDescrepencyEducationView.m */; };
		B0C95A89193A4B0600A6F1FA /* Foundation.framework in Frameworks */ = {isa = PBXBuildFile; fileRef = B0C95A88193A4B0600A6F1FA /* Foundation.framework */; };
		B0C95A8B193A4B0600A6F1FA /* CoreGraphics.framework in Frameworks */ = {isa = PBXBuildFile; fileRef = B0C95A8A193A4B0600A6F1FA /* CoreGraphics.framework */; };
		B0C95A8D193A4B0600A6F1FA /* UIKit.framework in Frameworks */ = {isa = PBXBuildFile; fileRef = B0C95A8C193A4B0600A6F1FA /* UIKit.framework */; };
		B0C95A93193A4B0600A6F1FA /* InfoPlist.strings in Resources */ = {isa = PBXBuildFile; fileRef = B0C95A91193A4B0600A6F1FA /* InfoPlist.strings */; };
		B0C95A95193A4B0600A6F1FA /* main.m in Sources */ = {isa = PBXBuildFile; fileRef = B0C95A94193A4B0600A6F1FA /* main.m */; };
		B0C95A99193A4B0600A6F1FA /* SAWAppDelegate.m in Sources */ = {isa = PBXBuildFile; fileRef = B0C95A98193A4B0600A6F1FA /* SAWAppDelegate.m */; };
		B0C95A9C193A4B0600A6F1FA /* Main_iPhone.storyboard in Resources */ = {isa = PBXBuildFile; fileRef = B0C95A9A193A4B0600A6F1FA /* Main_iPhone.storyboard */; };
		B0C95AA4193A4B0600A6F1FA /* Images.xcassets in Resources */ = {isa = PBXBuildFile; fileRef = B0C95AA3193A4B0600A6F1FA /* Images.xcassets */; };
		B0C95AAB193A4B0600A6F1FA /* XCTest.framework in Frameworks */ = {isa = PBXBuildFile; fileRef = B0C95AAA193A4B0600A6F1FA /* XCTest.framework */; };
		B0C95AAC193A4B0600A6F1FA /* Foundation.framework in Frameworks */ = {isa = PBXBuildFile; fileRef = B0C95A88193A4B0600A6F1FA /* Foundation.framework */; };
		B0C95AAD193A4B0600A6F1FA /* UIKit.framework in Frameworks */ = {isa = PBXBuildFile; fileRef = B0C95A8C193A4B0600A6F1FA /* UIKit.framework */; };
		B0C95AB5193A4B0600A6F1FA /* InfoPlist.strings in Resources */ = {isa = PBXBuildFile; fileRef = B0C95AB3193A4B0600A6F1FA /* InfoPlist.strings */; };
		B0C95AD5193A4B3200A6F1FA /* AFHTTPRequestOperation.m in Sources */ = {isa = PBXBuildFile; fileRef = B0C95AC3193A4B3200A6F1FA /* AFHTTPRequestOperation.m */; };
		B0C95AD6193A4B3200A6F1FA /* AFHTTPRequestOperationManager.m in Sources */ = {isa = PBXBuildFile; fileRef = B0C95AC5193A4B3200A6F1FA /* AFHTTPRequestOperationManager.m */; };
		B0C95AD7193A4B3200A6F1FA /* AFHTTPSessionManager.m in Sources */ = {isa = PBXBuildFile; fileRef = B0C95AC7193A4B3200A6F1FA /* AFHTTPSessionManager.m */; };
		B0C95AD8193A4B3200A6F1FA /* AFNetworkReachabilityManager.m in Sources */ = {isa = PBXBuildFile; fileRef = B0C95ACA193A4B3200A6F1FA /* AFNetworkReachabilityManager.m */; };
		B0C95AD9193A4B3200A6F1FA /* AFSecurityPolicy.m in Sources */ = {isa = PBXBuildFile; fileRef = B0C95ACC193A4B3200A6F1FA /* AFSecurityPolicy.m */; };
		B0C95ADA193A4B3200A6F1FA /* AFURLConnectionOperation.m in Sources */ = {isa = PBXBuildFile; fileRef = B0C95ACE193A4B3200A6F1FA /* AFURLConnectionOperation.m */; };
		B0C95ADB193A4B3200A6F1FA /* AFURLRequestSerialization.m in Sources */ = {isa = PBXBuildFile; fileRef = B0C95AD0193A4B3200A6F1FA /* AFURLRequestSerialization.m */; };
		B0C95ADC193A4B3200A6F1FA /* AFURLResponseSerialization.m in Sources */ = {isa = PBXBuildFile; fileRef = B0C95AD2193A4B3200A6F1FA /* AFURLResponseSerialization.m */; };
		B0C95ADD193A4B3200A6F1FA /* AFURLSessionManager.m in Sources */ = {isa = PBXBuildFile; fileRef = B0C95AD4193A4B3200A6F1FA /* AFURLSessionManager.m */; };
		B0C95AE1193A4B7B00A6F1FA /* SAWNetworkController.m in Sources */ = {isa = PBXBuildFile; fileRef = B0C95AE0193A4B7B00A6F1FA /* SAWNetworkController.m */; };
		B0C95AE5193A4BA100A6F1FA /* SAWWaterLevel.m in Sources */ = {isa = PBXBuildFile; fileRef = B0C95AE4193A4BA100A6F1FA /* SAWWaterLevel.m */; };
		B0C95AEE193A531F00A6F1FA /* SAWCurrentLevelViewController.m in Sources */ = {isa = PBXBuildFile; fileRef = B0C95AED193A531F00A6F1FA /* SAWCurrentLevelViewController.m */; };
		B0C95AF1193A5DFA00A6F1FA /* SAWLevelModel.m in Sources */ = {isa = PBXBuildFile; fileRef = B0C95AF0193A5DFA00A6F1FA /* SAWLevelModel.m */; };
		B0C95AF5193A6AFD00A6F1FA /* SAWHeaderView.m in Sources */ = {isa = PBXBuildFile; fileRef = B0C95AF4193A6AFD00A6F1FA /* SAWHeaderView.m */; };
		B0C95AF9193A721200A6F1FA /* SAWStageDetailsViewController.m in Sources */ = {isa = PBXBuildFile; fileRef = B0C95AF8193A721200A6F1FA /* SAWStageDetailsViewController.m */; };
		B0C95B17193A815700A6F1FA /* TRModalTransition.m in Sources */ = {isa = PBXBuildFile; fileRef = B0C95B16193A815700A6F1FA /* TRModalTransition.m */; };
		B0C95B1F193B687800A6F1FA /* Localizable.strings in Resources */ = {isa = PBXBuildFile; fileRef = B0C95B21193B687800A6F1FA /* Localizable.strings */; };
/* End PBXBuildFile section */

/* Begin PBXContainerItemProxy section */
		B0C95AAE193A4B0600A6F1FA /* PBXContainerItemProxy */ = {
			isa = PBXContainerItemProxy;
			containerPortal = B0C95A7D193A4B0600A6F1FA /* Project object */;
			proxyType = 1;
			remoteGlobalIDString = B0C95A84193A4B0600A6F1FA;
			remoteInfo = SAWaterLevel;
		};
/* End PBXContainerItemProxy section */

/* Begin PBXFileReference section */
		B0466FD1197F5C50009E1FBC /* Settings.bundle */ = {isa = PBXFileReference; lastKnownFileType = "wrapper.plug-in"; path = Settings.bundle; sourceTree = "<group>"; };
		B0466FDA19808BA3009E1FBC /* SAWHistoricalDataMenuViewController.h */ = {isa = PBXFileReference; fileEncoding = 4; lastKnownFileType = sourcecode.c.h; path = SAWHistoricalDataMenuViewController.h; sourceTree = "<group>"; };
		B0466FDB19808BA3009E1FBC /* SAWHistoricalDataMenuViewController.m */ = {isa = PBXFileReference; fileEncoding = 4; lastKnownFileType = sourcecode.c.objc; path = SAWHistoricalDataMenuViewController.m; sourceTree = "<group>"; };
		B09C39131970C180003F5BA8 /* SAWDataController.h */ = {isa = PBXFileReference; fileEncoding = 4; lastKnownFileType = sourcecode.c.h; path = SAWDataController.h; sourceTree = "<group>"; };
		B09C39141970C180003F5BA8 /* SAWDataController.m */ = {isa = PBXFileReference; fileEncoding = 4; lastKnownFileType = sourcecode.c.objc; path = SAWDataController.m; sourceTree = "<group>"; };
		B09C39161970C9B9003F5BA8 /* MapKit.framework */ = {isa = PBXFileReference; lastKnownFileType = wrapper.framework; name = MapKit.framework; path = System/Library/Frameworks/MapKit.framework; sourceTree = SDKROOT; };
		B09C391819717A54003F5BA8 /* SAWIrrigationSchedule.h */ = {isa = PBXFileReference; fileEncoding = 4; lastKnownFileType = sourcecode.c.h; path = SAWIrrigationSchedule.h; sourceTree = "<group>"; };
		B09C391919717A54003F5BA8 /* SAWIrrigationSchedule.m */ = {isa = PBXFileReference; fileEncoding = 4; lastKnownFileType = sourcecode.c.objc; path = SAWIrrigationSchedule.m; sourceTree = "<group>"; };
		B09C391C19717D71003F5BA8 /* SAWRemindersViewController.h */ = {isa = PBXFileReference; fileEncoding = 4; lastKnownFileType = sourcecode.c.h; path = SAWRemindersViewController.h; sourceTree = "<group>"; };
		B09C391D19717D71003F5BA8 /* SAWRemindersViewController.m */ = {isa = PBXFileReference; fileEncoding = 4; lastKnownFileType = sourcecode.c.objc; path = SAWRemindersViewController.m; sourceTree = "<group>"; };
		B09C392219717F27003F5BA8 /* SAWCurrentLevelDataSource.h */ = {isa = PBXFileReference; fileEncoding = 4; lastKnownFileType = sourcecode.c.h; path = SAWCurrentLevelDataSource.h; sourceTree = "<group>"; };
		B09C392319717F27003F5BA8 /* SAWCurrentLevelDataSource.m */ = {isa = PBXFileReference; fileEncoding = 4; lastKnownFileType = sourcecode.c.objc; path = SAWCurrentLevelDataSource.m; sourceTree = "<group>"; };
		B09C3926197181C9003F5BA8 /* UIStoryboardSegue+TargetDestination.h */ = {isa = PBXFileReference; fileEncoding = 4; lastKnownFileType = sourcecode.c.h; path = "UIStoryboardSegue+TargetDestination.h"; sourceTree = "<group>"; };
		B09C3927197181C9003F5BA8 /* UIStoryboardSegue+TargetDestination.m */ = {isa = PBXFileReference; fileEncoding = 4; lastKnownFileType = sourcecode.c.objc; path = "UIStoryboardSegue+TargetDestination.m"; sourceTree = "<group>"; };
		B09C392F197183E7003F5BA8 /* SAWStageLevel+UI.h */ = {isa = PBXFileReference; fileEncoding = 4; lastKnownFileType = sourcecode.c.h; path = "SAWStageLevel+UI.h"; sourceTree = "<group>"; };
		B09C3930197183E7003F5BA8 /* SAWStageLevel+UI.m */ = {isa = PBXFileReference; fileEncoding = 4; lastKnownFileType = sourcecode.c.objc; path = "SAWStageLevel+UI.m"; sourceTree = "<group>"; };
		B09C393219719287003F5BA8 /* SAWStageLevel.h */ = {isa = PBXFileReference; fileEncoding = 4; lastKnownFileType = sourcecode.c.h; path = SAWStageLevel.h; sourceTree = "<group>"; };
		B09C393319719287003F5BA8 /* SAWStageLevel.m */ = {isa = PBXFileReference; fileEncoding = 4; lastKnownFileType = sourcecode.c.objc; path = SAWStageLevel.m; sourceTree = "<group>"; };
		B09C39441971963D003F5BA8 /* WebContent */ = {isa = PBXFileReference; lastKnownFileType = folder; path = WebContent; sourceTree = "<group>"; };
		B09C39461971C262003F5BA8 /* SAWLocalNotificationManager.h */ = {isa = PBXFileReference; fileEncoding = 4; lastKnownFileType = sourcecode.c.h; path = SAWLocalNotificationManager.h; sourceTree = "<group>"; };
		B09C39471971C262003F5BA8 /* SAWLocalNotificationManager.m */ = {isa = PBXFileReference; fileEncoding = 4; lastKnownFileType = sourcecode.c.objc; path = SAWLocalNotificationManager.m; sourceTree = "<group>"; };
		B09C39531972384D003F5BA8 /* SAWStageLevelTest.m */ = {isa = PBXFileReference; fileEncoding = 4; lastKnownFileType = sourcecode.c.objc; path = SAWStageLevelTest.m; sourceTree = "<group>"; };
		B09C39551972384D003F5BA8 /* SAWLocalNotificationManagerTest.m */ = {isa = PBXFileReference; fileEncoding = 4; lastKnownFileType = sourcecode.c.objc; path = SAWLocalNotificationManagerTest.m; sourceTree = "<group>"; };
		B09C395819735CF4003F5BA8 /* es */ = {isa = PBXFileReference; lastKnownFileType = text.plist.strings; name = es; path = es.lproj/InfoPlist.strings; sourceTree = "<group>"; };
		B0B87077197C757B00F367FB /* SAWConstants.h */ = {isa = PBXFileReference; fileEncoding = 4; lastKnownFileType = sourcecode.c.h; path = SAWConstants.h; sourceTree = "<group>"; };
		B0B87078197C757B00F367FB /* SAWConstants.m */ = {isa = PBXFileReference; fileEncoding = 4; lastKnownFileType = sourcecode.c.objc; path = SAWConstants.m; sourceTree = "<group>"; };
		B0B8707A197CB97300F367FB /* SAWStageLevelDescrepencyEducationView.h */ = {isa = PBXFileReference; fileEncoding = 4; lastKnownFileType = sourcecode.c.h; path = SAWStageLevelDescrepencyEducationView.h; sourceTree = "<group>"; };
		B0B8707B197CB97300F367FB /* SAWStageLevelDescrepencyEducationView.m */ = {isa = PBXFileReference; fileEncoding = 4; lastKnownFileType = sourcecode.c.objc; path = SAWStageLevelDescrepencyEducationView.m; sourceTree = "<group>"; };
		B0C95A85193A4B0600A6F1FA /* SAWaterLevel.app */ = {isa = PBXFileReference; explicitFileType = wrapper.application; includeInIndex = 0; path = SAWaterLevel.app; sourceTree = BUILT_PRODUCTS_DIR; };
		B0C95A88193A4B0600A6F1FA /* Foundation.framework */ = {isa = PBXFileReference; lastKnownFileType = wrapper.framework; name = Foundation.framework; path = System/Library/Frameworks/Foundation.framework; sourceTree = SDKROOT; };
		B0C95A8A193A4B0600A6F1FA /* CoreGraphics.framework */ = {isa = PBXFileReference; lastKnownFileType = wrapper.framework; name = CoreGraphics.framework; path = System/Library/Frameworks/CoreGraphics.framework; sourceTree = SDKROOT; };
		B0C95A8C193A4B0600A6F1FA /* UIKit.framework */ = {isa = PBXFileReference; lastKnownFileType = wrapper.framework; name = UIKit.framework; path = System/Library/Frameworks/UIKit.framework; sourceTree = SDKROOT; };
		B0C95A90193A4B0600A6F1FA /* SAWaterLevel-Info.plist */ = {isa = PBXFileReference; lastKnownFileType = text.plist.xml; path = "SAWaterLevel-Info.plist"; sourceTree = "<group>"; };
		B0C95A92193A4B0600A6F1FA /* en */ = {isa = PBXFileReference; lastKnownFileType = text.plist.strings; name = en; path = en.lproj/InfoPlist.strings; sourceTree = "<group>"; };
		B0C95A94193A4B0600A6F1FA /* main.m */ = {isa = PBXFileReference; lastKnownFileType = sourcecode.c.objc; path = main.m; sourceTree = "<group>"; };
		B0C95A96193A4B0600A6F1FA /* SAWaterLevel-Prefix.pch */ = {isa = PBXFileReference; lastKnownFileType = sourcecode.c.h; path = "SAWaterLevel-Prefix.pch"; sourceTree = "<group>"; };
		B0C95A97193A4B0600A6F1FA /* SAWAppDelegate.h */ = {isa = PBXFileReference; lastKnownFileType = sourcecode.c.h; path = SAWAppDelegate.h; sourceTree = "<group>"; };
		B0C95A98193A4B0600A6F1FA /* SAWAppDelegate.m */ = {isa = PBXFileReference; lastKnownFileType = sourcecode.c.objc; path = SAWAppDelegate.m; sourceTree = "<group>"; };
		B0C95A9B193A4B0600A6F1FA /* Base */ = {isa = PBXFileReference; lastKnownFileType = file.storyboard; name = Base; path = Base.lproj/Main_iPhone.storyboard; sourceTree = "<group>"; };
		B0C95AA3193A4B0600A6F1FA /* Images.xcassets */ = {isa = PBXFileReference; lastKnownFileType = folder.assetcatalog; path = Images.xcassets; sourceTree = "<group>"; };
		B0C95AA9193A4B0600A6F1FA /* SAWaterLevelTests.xctest */ = {isa = PBXFileReference; explicitFileType = wrapper.cfbundle; includeInIndex = 0; path = SAWaterLevelTests.xctest; sourceTree = BUILT_PRODUCTS_DIR; };
		B0C95AAA193A4B0600A6F1FA /* XCTest.framework */ = {isa = PBXFileReference; lastKnownFileType = wrapper.framework; name = XCTest.framework; path = Library/Frameworks/XCTest.framework; sourceTree = DEVELOPER_DIR; };
		B0C95AB2193A4B0600A6F1FA /* SAWaterLevelTests-Info.plist */ = {isa = PBXFileReference; lastKnownFileType = text.plist.xml; path = "SAWaterLevelTests-Info.plist"; sourceTree = "<group>"; };
		B0C95AB4193A4B0600A6F1FA /* en */ = {isa = PBXFileReference; lastKnownFileType = text.plist.strings; name = en; path = en.lproj/InfoPlist.strings; sourceTree = "<group>"; };
		B0C95AC2193A4B3200A6F1FA /* AFHTTPRequestOperation.h */ = {isa = PBXFileReference; fileEncoding = 4; lastKnownFileType = sourcecode.c.h; path = AFHTTPRequestOperation.h; sourceTree = "<group>"; };
		B0C95AC3193A4B3200A6F1FA /* AFHTTPRequestOperation.m */ = {isa = PBXFileReference; fileEncoding = 4; lastKnownFileType = sourcecode.c.objc; path = AFHTTPRequestOperation.m; sourceTree = "<group>"; };
		B0C95AC4193A4B3200A6F1FA /* AFHTTPRequestOperationManager.h */ = {isa = PBXFileReference; fileEncoding = 4; lastKnownFileType = sourcecode.c.h; path = AFHTTPRequestOperationManager.h; sourceTree = "<group>"; };
		B0C95AC5193A4B3200A6F1FA /* AFHTTPRequestOperationManager.m */ = {isa = PBXFileReference; fileEncoding = 4; lastKnownFileType = sourcecode.c.objc; path = AFHTTPRequestOperationManager.m; sourceTree = "<group>"; };
		B0C95AC6193A4B3200A6F1FA /* AFHTTPSessionManager.h */ = {isa = PBXFileReference; fileEncoding = 4; lastKnownFileType = sourcecode.c.h; path = AFHTTPSessionManager.h; sourceTree = "<group>"; };
		B0C95AC7193A4B3200A6F1FA /* AFHTTPSessionManager.m */ = {isa = PBXFileReference; fileEncoding = 4; lastKnownFileType = sourcecode.c.objc; path = AFHTTPSessionManager.m; sourceTree = "<group>"; };
		B0C95AC8193A4B3200A6F1FA /* AFNetworking.h */ = {isa = PBXFileReference; fileEncoding = 4; lastKnownFileType = sourcecode.c.h; path = AFNetworking.h; sourceTree = "<group>"; };
		B0C95AC9193A4B3200A6F1FA /* AFNetworkReachabilityManager.h */ = {isa = PBXFileReference; fileEncoding = 4; lastKnownFileType = sourcecode.c.h; path = AFNetworkReachabilityManager.h; sourceTree = "<group>"; };
		B0C95ACA193A4B3200A6F1FA /* AFNetworkReachabilityManager.m */ = {isa = PBXFileReference; fileEncoding = 4; lastKnownFileType = sourcecode.c.objc; path = AFNetworkReachabilityManager.m; sourceTree = "<group>"; };
		B0C95ACB193A4B3200A6F1FA /* AFSecurityPolicy.h */ = {isa = PBXFileReference; fileEncoding = 4; lastKnownFileType = sourcecode.c.h; path = AFSecurityPolicy.h; sourceTree = "<group>"; };
		B0C95ACC193A4B3200A6F1FA /* AFSecurityPolicy.m */ = {isa = PBXFileReference; fileEncoding = 4; lastKnownFileType = sourcecode.c.objc; path = AFSecurityPolicy.m; sourceTree = "<group>"; };
		B0C95ACD193A4B3200A6F1FA /* AFURLConnectionOperation.h */ = {isa = PBXFileReference; fileEncoding = 4; lastKnownFileType = sourcecode.c.h; path = AFURLConnectionOperation.h; sourceTree = "<group>"; };
		B0C95ACE193A4B3200A6F1FA /* AFURLConnectionOperation.m */ = {isa = PBXFileReference; fileEncoding = 4; lastKnownFileType = sourcecode.c.objc; path = AFURLConnectionOperation.m; sourceTree = "<group>"; };
		B0C95ACF193A4B3200A6F1FA /* AFURLRequestSerialization.h */ = {isa = PBXFileReference; fileEncoding = 4; lastKnownFileType = sourcecode.c.h; path = AFURLRequestSerialization.h; sourceTree = "<group>"; };
		B0C95AD0193A4B3200A6F1FA /* AFURLRequestSerialization.m */ = {isa = PBXFileReference; fileEncoding = 4; lastKnownFileType = sourcecode.c.objc; path = AFURLRequestSerialization.m; sourceTree = "<group>"; };
		B0C95AD1193A4B3200A6F1FA /* AFURLResponseSerialization.h */ = {isa = PBXFileReference; fileEncoding = 4; lastKnownFileType = sourcecode.c.h; path = AFURLResponseSerialization.h; sourceTree = "<group>"; };
		B0C95AD2193A4B3200A6F1FA /* AFURLResponseSerialization.m */ = {isa = PBXFileReference; fileEncoding = 4; lastKnownFileType = sourcecode.c.objc; path = AFURLResponseSerialization.m; sourceTree = "<group>"; };
		B0C95AD3193A4B3200A6F1FA /* AFURLSessionManager.h */ = {isa = PBXFileReference; fileEncoding = 4; lastKnownFileType = sourcecode.c.h; path = AFURLSessionManager.h; sourceTree = "<group>"; };
		B0C95AD4193A4B3200A6F1FA /* AFURLSessionManager.m */ = {isa = PBXFileReference; fileEncoding = 4; lastKnownFileType = sourcecode.c.objc; path = AFURLSessionManager.m; sourceTree = "<group>"; };
		B0C95ADF193A4B7B00A6F1FA /* SAWNetworkController.h */ = {isa = PBXFileReference; fileEncoding = 4; lastKnownFileType = sourcecode.c.h; path = SAWNetworkController.h; sourceTree = "<group>"; };
		B0C95AE0193A4B7B00A6F1FA /* SAWNetworkController.m */ = {isa = PBXFileReference; fileEncoding = 4; lastKnownFileType = sourcecode.c.objc; path = SAWNetworkController.m; sourceTree = "<group>"; };
		B0C95AE3193A4BA100A6F1FA /* SAWWaterLevel.h */ = {isa = PBXFileReference; fileEncoding = 4; lastKnownFileType = sourcecode.c.h; path = SAWWaterLevel.h; sourceTree = "<group>"; };
		B0C95AE4193A4BA100A6F1FA /* SAWWaterLevel.m */ = {isa = PBXFileReference; fileEncoding = 4; lastKnownFileType = sourcecode.c.objc; path = SAWWaterLevel.m; sourceTree = "<group>"; };
		B0C95AEC193A531F00A6F1FA /* SAWCurrentLevelViewController.h */ = {isa = PBXFileReference; fileEncoding = 4; lastKnownFileType = sourcecode.c.h; path = SAWCurrentLevelViewController.h; sourceTree = "<group>"; };
		B0C95AED193A531F00A6F1FA /* SAWCurrentLevelViewController.m */ = {isa = PBXFileReference; fileEncoding = 4; lastKnownFileType = sourcecode.c.objc; path = SAWCurrentLevelViewController.m; sourceTree = "<group>"; };
		B0C95AEF193A5DFA00A6F1FA /* SAWLevelModel.h */ = {isa = PBXFileReference; fileEncoding = 4; lastKnownFileType = sourcecode.c.h; path = SAWLevelModel.h; sourceTree = "<group>"; };
		B0C95AF0193A5DFA00A6F1FA /* SAWLevelModel.m */ = {isa = PBXFileReference; fileEncoding = 4; lastKnownFileType = sourcecode.c.objc; path = SAWLevelModel.m; sourceTree = "<group>"; };
		B0C95AF3193A6AFD00A6F1FA /* SAWHeaderView.h */ = {isa = PBXFileReference; fileEncoding = 4; lastKnownFileType = sourcecode.c.h; path = SAWHeaderView.h; sourceTree = "<group>"; };
		B0C95AF4193A6AFD00A6F1FA /* SAWHeaderView.m */ = {isa = PBXFileReference; fileEncoding = 4; lastKnownFileType = sourcecode.c.objc; path = SAWHeaderView.m; sourceTree = "<group>"; };
		B0C95AF7193A721200A6F1FA /* SAWStageDetailsViewController.h */ = {isa = PBXFileReference; fileEncoding = 4; lastKnownFileType = sourcecode.c.h; path = SAWStageDetailsViewController.h; sourceTree = "<group>"; };
		B0C95AF8193A721200A6F1FA /* SAWStageDetailsViewController.m */ = {isa = PBXFileReference; fileEncoding = 4; lastKnownFileType = sourcecode.c.objc; path = SAWStageDetailsViewController.m; sourceTree = "<group>"; };
		B0C95B15193A815700A6F1FA /* TRModalTransition.h */ = {isa = PBXFileReference; fileEncoding = 4; lastKnownFileType = sourcecode.c.h; path = TRModalTransition.h; sourceTree = "<group>"; };
		B0C95B16193A815700A6F1FA /* TRModalTransition.m */ = {isa = PBXFileReference; fileEncoding = 4; lastKnownFileType = sourcecode.c.objc; path = TRModalTransition.m; sourceTree = "<group>"; };
		B0C95B20193B687800A6F1FA /* en */ = {isa = PBXFileReference; lastKnownFileType = text.plist.strings; name = en; path = en.lproj/Localizable.strings; sourceTree = "<group>"; };
		B0C95B22193B690400A6F1FA /* es */ = {isa = PBXFileReference; lastKnownFileType = text.plist.strings; name = es; path = es.lproj/Localizable.strings; sourceTree = "<group>"; };
/* End PBXFileReference section */

/* Begin PBXFrameworksBuildPhase section */
		B0C95A82193A4B0600A6F1FA /* Frameworks */ = {
			isa = PBXFrameworksBuildPhase;
			buildActionMask = 2147483647;
			files = (
				B0C95A8B193A4B0600A6F1FA /* CoreGraphics.framework in Frameworks */,
				B0C95A8D193A4B0600A6F1FA /* UIKit.framework in Frameworks */,
				B09C39171970C9B9003F5BA8 /* MapKit.framework in Frameworks */,
				B0C95A89193A4B0600A6F1FA /* Foundation.framework in Frameworks */,
			);
			runOnlyForDeploymentPostprocessing = 0;
		};
		B0C95AA6193A4B0600A6F1FA /* Frameworks */ = {
			isa = PBXFrameworksBuildPhase;
			buildActionMask = 2147483647;
			files = (
				B0C95AAB193A4B0600A6F1FA /* XCTest.framework in Frameworks */,
				B0C95AAD193A4B0600A6F1FA /* UIKit.framework in Frameworks */,
				B0C95AAC193A4B0600A6F1FA /* Foundation.framework in Frameworks */,
			);
			runOnlyForDeploymentPostprocessing = 0;
		};
/* End PBXFrameworksBuildPhase section */

/* Begin PBXGroup section */
		B0466FD919808B87009E1FBC /* HistoricalData */ = {
			isa = PBXGroup;
			children = (
				B0466FDA19808BA3009E1FBC /* SAWHistoricalDataMenuViewController.h */,
				B0466FDB19808BA3009E1FBC /* SAWHistoricalDataMenuViewController.m */,
			);
			path = HistoricalData;
			sourceTree = "<group>";
		};
		B09C391B19717D71003F5BA8 /* Reminders */ = {
			isa = PBXGroup;
			children = (
				B09C391C19717D71003F5BA8 /* SAWRemindersViewController.h */,
				B09C391D19717D71003F5BA8 /* SAWRemindersViewController.m */,
				B09C39461971C262003F5BA8 /* SAWLocalNotificationManager.h */,
				B09C39471971C262003F5BA8 /* SAWLocalNotificationManager.m */,
			);
			path = Reminders;
			sourceTree = "<group>";
		};
		B09C3925197181B9003F5BA8 /* Categories */ = {
			isa = PBXGroup;
			children = (
				B09C3926197181C9003F5BA8 /* UIStoryboardSegue+TargetDestination.h */,
				B09C3927197181C9003F5BA8 /* UIStoryboardSegue+TargetDestination.m */,
			);
			path = Categories;
			sourceTree = "<group>";
		};
		B09C39511972384D003F5BA8 /* SAWaterLevel */ = {
			isa = PBXGroup;
			children = (
				B09C39521972384D003F5BA8 /* Model */,
				B09C39541972384D003F5BA8 /* Reminders */,
			);
			path = SAWaterLevel;
			sourceTree = "<group>";
		};
		B09C39521972384D003F5BA8 /* Model */ = {
			isa = PBXGroup;
			children = (
				B09C39531972384D003F5BA8 /* SAWStageLevelTest.m */,
			);
			path = Model;
			sourceTree = "<group>";
		};
		B09C39541972384D003F5BA8 /* Reminders */ = {
			isa = PBXGroup;
			children = (
				B09C39551972384D003F5BA8 /* SAWLocalNotificationManagerTest.m */,
			);
			path = Reminders;
			sourceTree = "<group>";
		};
		B0C95A7C193A4B0600A6F1FA = {
			isa = PBXGroup;
			children = (
				B0C95A8E193A4B0600A6F1FA /* SAWaterLevel */,
				B0C95AC0193A4B3200A6F1FA /* ThirdParty */,
				B0C95AB0193A4B0600A6F1FA /* SAWaterLevelTests */,
				B0C95A87193A4B0600A6F1FA /* Frameworks */,
				B0C95A86193A4B0600A6F1FA /* Products */,
			);
			sourceTree = "<group>";
		};
		B0C95A86193A4B0600A6F1FA /* Products */ = {
			isa = PBXGroup;
			children = (
				B0C95A85193A4B0600A6F1FA /* SAWaterLevel.app */,
				B0C95AA9193A4B0600A6F1FA /* SAWaterLevelTests.xctest */,
			);
			name = Products;
			sourceTree = "<group>";
		};
		B0C95A87193A4B0600A6F1FA /* Frameworks */ = {
			isa = PBXGroup;
			children = (
				B09C39161970C9B9003F5BA8 /* MapKit.framework */,
				B0C95A88193A4B0600A6F1FA /* Foundation.framework */,
				B0C95A8A193A4B0600A6F1FA /* CoreGraphics.framework */,
				B0C95A8C193A4B0600A6F1FA /* UIKit.framework */,
				B0C95AAA193A4B0600A6F1FA /* XCTest.framework */,
			);
			name = Frameworks;
			sourceTree = "<group>";
		};
		B0C95A8E193A4B0600A6F1FA /* SAWaterLevel */ = {
			isa = PBXGroup;
			children = (
				B09C3925197181B9003F5BA8 /* Categories */,
				B0C95AEB193A530400A6F1FA /* Current Level */,
				B0466FD919808B87009E1FBC /* HistoricalData */,
				B09C391B19717D71003F5BA8 /* Reminders */,
				B0C95AE2193A4B8D00A6F1FA /* Model */,
				B0C95ADE193A4B6A00A6F1FA /* Network Controller */,
				B0C95B13193A815700A6F1FA /* Transitions */,
				B0C95A97193A4B0600A6F1FA /* SAWAppDelegate.h */,
				B0C95A98193A4B0600A6F1FA /* SAWAppDelegate.m */,
				B0C95A9A193A4B0600A6F1FA /* Main_iPhone.storyboard */,
				B0C95AA3193A4B0600A6F1FA /* Images.xcassets */,
				B0C95A8F193A4B0600A6F1FA /* Supporting Files */,
			);
			path = SAWaterLevel;
			sourceTree = "<group>";
		};
		B0C95A8F193A4B0600A6F1FA /* Supporting Files */ = {
			isa = PBXGroup;
			children = (
				B0466FD1197F5C50009E1FBC /* Settings.bundle */,
				B0C95A90193A4B0600A6F1FA /* SAWaterLevel-Info.plist */,
				B0C95A91193A4B0600A6F1FA /* InfoPlist.strings */,
				B0C95A94193A4B0600A6F1FA /* main.m */,
				B0C95A96193A4B0600A6F1FA /* SAWaterLevel-Prefix.pch */,
				B0C95B21193B687800A6F1FA /* Localizable.strings */,
			);
			name = "Supporting Files";
			sourceTree = "<group>";
		};
		B0C95AB0193A4B0600A6F1FA /* SAWaterLevelTests */ = {
			isa = PBXGroup;
			children = (
				B09C39511972384D003F5BA8 /* SAWaterLevel */,
				B0C95AB1193A4B0600A6F1FA /* Supporting Files */,
			);
			path = SAWaterLevelTests;
			sourceTree = "<group>";
		};
		B0C95AB1193A4B0600A6F1FA /* Supporting Files */ = {
			isa = PBXGroup;
			children = (
				B0C95AB2193A4B0600A6F1FA /* SAWaterLevelTests-Info.plist */,
				B0C95AB3193A4B0600A6F1FA /* InfoPlist.strings */,
			);
			name = "Supporting Files";
			sourceTree = "<group>";
		};
		B0C95AC0193A4B3200A6F1FA /* ThirdParty */ = {
			isa = PBXGroup;
			children = (
				B0C95AC1193A4B3200A6F1FA /* AFNetworking */,
			);
			path = ThirdParty;
			sourceTree = "<group>";
		};
		B0C95AC1193A4B3200A6F1FA /* AFNetworking */ = {
			isa = PBXGroup;
			children = (
				B0C95AC2193A4B3200A6F1FA /* AFHTTPRequestOperation.h */,
				B0C95AC3193A4B3200A6F1FA /* AFHTTPRequestOperation.m */,
				B0C95AC4193A4B3200A6F1FA /* AFHTTPRequestOperationManager.h */,
				B0C95AC5193A4B3200A6F1FA /* AFHTTPRequestOperationManager.m */,
				B0C95AC6193A4B3200A6F1FA /* AFHTTPSessionManager.h */,
				B0C95AC7193A4B3200A6F1FA /* AFHTTPSessionManager.m */,
				B0C95AC8193A4B3200A6F1FA /* AFNetworking.h */,
				B0C95AC9193A4B3200A6F1FA /* AFNetworkReachabilityManager.h */,
				B0C95ACA193A4B3200A6F1FA /* AFNetworkReachabilityManager.m */,
				B0C95ACB193A4B3200A6F1FA /* AFSecurityPolicy.h */,
				B0C95ACC193A4B3200A6F1FA /* AFSecurityPolicy.m */,
				B0C95ACD193A4B3200A6F1FA /* AFURLConnectionOperation.h */,
				B0C95ACE193A4B3200A6F1FA /* AFURLConnectionOperation.m */,
				B0C95ACF193A4B3200A6F1FA /* AFURLRequestSerialization.h */,
				B0C95AD0193A4B3200A6F1FA /* AFURLRequestSerialization.m */,
				B0C95AD1193A4B3200A6F1FA /* AFURLResponseSerialization.h */,
				B0C95AD2193A4B3200A6F1FA /* AFURLResponseSerialization.m */,
				B0C95AD3193A4B3200A6F1FA /* AFURLSessionManager.h */,
				B0C95AD4193A4B3200A6F1FA /* AFURLSessionManager.m */,
			);
			path = AFNetworking;
			sourceTree = "<group>";
		};
		B0C95ADE193A4B6A00A6F1FA /* Network Controller */ = {
			isa = PBXGroup;
			children = (
				B0C95ADF193A4B7B00A6F1FA /* SAWNetworkController.h */,
				B0C95AE0193A4B7B00A6F1FA /* SAWNetworkController.m */,
			);
			path = "Network Controller";
			sourceTree = "<group>";
		};
		B0C95AE2193A4B8D00A6F1FA /* Model */ = {
			isa = PBXGroup;
			children = (
				B09C39131970C180003F5BA8 /* SAWDataController.h */,
				B09C39141970C180003F5BA8 /* SAWDataController.m */,
				B09C393219719287003F5BA8 /* SAWStageLevel.h */,
				B09C393319719287003F5BA8 /* SAWStageLevel.m */,
				B0C95AE3193A4BA100A6F1FA /* SAWWaterLevel.h */,
				B0C95AE4193A4BA100A6F1FA /* SAWWaterLevel.m */,
				B09C391819717A54003F5BA8 /* SAWIrrigationSchedule.h */,
				B09C391919717A54003F5BA8 /* SAWIrrigationSchedule.m */,
				B0B87077197C757B00F367FB /* SAWConstants.h */,
				B0B87078197C757B00F367FB /* SAWConstants.m */,
			);
			path = Model;
			sourceTree = "<group>";
		};
		B0C95AEB193A530400A6F1FA /* Current Level */ = {
			isa = PBXGroup;
			children = (
				B0C95AF6193A71FD00A6F1FA /* Stage Details */,
				B09C392219717F27003F5BA8 /* SAWCurrentLevelDataSource.h */,
				B09C392319717F27003F5BA8 /* SAWCurrentLevelDataSource.m */,
				B0C95AEC193A531F00A6F1FA /* SAWCurrentLevelViewController.h */,
				B0C95AED193A531F00A6F1FA /* SAWCurrentLevelViewController.m */,
				B0C95AF3193A6AFD00A6F1FA /* SAWHeaderView.h */,
				B0C95AF4193A6AFD00A6F1FA /* SAWHeaderView.m */,
				B0C95AEF193A5DFA00A6F1FA /* SAWLevelModel.h */,
				B0C95AF0193A5DFA00A6F1FA /* SAWLevelModel.m */,
				B09C392F197183E7003F5BA8 /* SAWStageLevel+UI.h */,
				B09C3930197183E7003F5BA8 /* SAWStageLevel+UI.m */,
				B0B8707A197CB97300F367FB /* SAWStageLevelDescrepencyEducationView.h */,
				B0B8707B197CB97300F367FB /* SAWStageLevelDescrepencyEducationView.m */,
			);
			path = "Current Level";
			sourceTree = "<group>";
		};
		B0C95AF6193A71FD00A6F1FA /* Stage Details */ = {
			isa = PBXGroup;
			children = (
				B09C39441971963D003F5BA8 /* WebContent */,
				B0C95AF7193A721200A6F1FA /* SAWStageDetailsViewController.h */,
				B0C95AF8193A721200A6F1FA /* SAWStageDetailsViewController.m */,
			);
			path = "Stage Details";
			sourceTree = "<group>";
		};
		B0C95B13193A815700A6F1FA /* Transitions */ = {
			isa = PBXGroup;
			children = (
				B0C95B14193A815700A6F1FA /* Modal */,
			);
			path = Transitions;
			sourceTree = "<group>";
		};
		B0C95B14193A815700A6F1FA /* Modal */ = {
			isa = PBXGroup;
			children = (
				B0C95B15193A815700A6F1FA /* TRModalTransition.h */,
				B0C95B16193A815700A6F1FA /* TRModalTransition.m */,
			);
			path = Modal;
			sourceTree = "<group>";
		};
/* End PBXGroup section */

/* Begin PBXNativeTarget section */
		B0C95A84193A4B0600A6F1FA /* SAWaterLevel */ = {
			isa = PBXNativeTarget;
			buildConfigurationList = B0C95ABA193A4B0600A6F1FA /* Build configuration list for PBXNativeTarget "SAWaterLevel" */;
			buildPhases = (
				B0466FD8197F5D12009E1FBC /* ShellScript */,
				B0C95A81193A4B0600A6F1FA /* Sources */,
				B0C95A82193A4B0600A6F1FA /* Frameworks */,
				B0C95A83193A4B0600A6F1FA /* Resources */,
			);
			buildRules = (
			);
			dependencies = (
			);
			name = SAWaterLevel;
			productName = SAWaterLevel;
			productReference = B0C95A85193A4B0600A6F1FA /* SAWaterLevel.app */;
			productType = "com.apple.product-type.application";
		};
		B0C95AA8193A4B0600A6F1FA /* SAWaterLevelTests */ = {
			isa = PBXNativeTarget;
			buildConfigurationList = B0C95ABD193A4B0600A6F1FA /* Build configuration list for PBXNativeTarget "SAWaterLevelTests" */;
			buildPhases = (
				B0C95AA5193A4B0600A6F1FA /* Sources */,
				B0C95AA6193A4B0600A6F1FA /* Frameworks */,
				B0C95AA7193A4B0600A6F1FA /* Resources */,
			);
			buildRules = (
			);
			dependencies = (
				B0C95AAF193A4B0600A6F1FA /* PBXTargetDependency */,
			);
			name = SAWaterLevelTests;
			productName = SAWaterLevelTests;
			productReference = B0C95AA9193A4B0600A6F1FA /* SAWaterLevelTests.xctest */;
			productType = "com.apple.product-type.bundle.unit-test";
		};
/* End PBXNativeTarget section */

/* Begin PBXProject section */
		B0C95A7D193A4B0600A6F1FA /* Project object */ = {
			isa = PBXProject;
			attributes = {
				CLASSPREFIX = SAW;
				LastUpgradeCheck = 0510;
				ORGANIZATIONNAME = "Wayne Hartman";
				TargetAttributes = {
					B0C95A84193A4B0600A6F1FA = {
						SystemCapabilities = {
							com.apple.BackgroundModes = {
								enabled = 1;
							};
							com.apple.iOS = {
								enabled = 1;
							};
						};
					};
					B0C95AA8193A4B0600A6F1FA = {
						TestTargetID = B0C95A84193A4B0600A6F1FA;
					};
				};
			};
			buildConfigurationList = B0C95A80193A4B0600A6F1FA /* Build configuration list for PBXProject "SAWaterLevel" */;
			compatibilityVersion = "Xcode 3.2";
			developmentRegion = English;
			hasScannedForEncodings = 0;
			knownRegions = (
				en,
				Base,
				es,
			);
			mainGroup = B0C95A7C193A4B0600A6F1FA;
			productRefGroup = B0C95A86193A4B0600A6F1FA /* Products */;
			projectDirPath = "";
			projectRoot = "";
			targets = (
				B0C95A84193A4B0600A6F1FA /* SAWaterLevel */,
				B0C95AA8193A4B0600A6F1FA /* SAWaterLevelTests */,
			);
		};
/* End PBXProject section */

/* Begin PBXResourcesBuildPhase section */
		B0C95A83193A4B0600A6F1FA /* Resources */ = {
			isa = PBXResourcesBuildPhase;
			buildActionMask = 2147483647;
			files = (
				B0C95B1F193B687800A6F1FA /* Localizable.strings in Resources */,
				B0C95AA4193A4B0600A6F1FA /* Images.xcassets in Resources */,
				B09C39451971963D003F5BA8 /* WebContent in Resources */,
				B0C95A9C193A4B0600A6F1FA /* Main_iPhone.storyboard in Resources */,
				B0466FD2197F5C50009E1FBC /* Settings.bundle in Resources */,
				B0C95A93193A4B0600A6F1FA /* InfoPlist.strings in Resources */,
			);
			runOnlyForDeploymentPostprocessing = 0;
		};
		B0C95AA7193A4B0600A6F1FA /* Resources */ = {
			isa = PBXResourcesBuildPhase;
			buildActionMask = 2147483647;
			files = (
				B0C95AB5193A4B0600A6F1FA /* InfoPlist.strings in Resources */,
			);
			runOnlyForDeploymentPostprocessing = 0;
		};
/* End PBXResourcesBuildPhase section */

/* Begin PBXShellScriptBuildPhase section */
		B0466FD8197F5D12009E1FBC /* ShellScript */ = {
			isa = PBXShellScriptBuildPhase;
			buildActionMask = 2147483647;
			files = (
			);
			inputPaths = (
			);
			outputPaths = (
			);
			runOnlyForDeploymentPostprocessing = 0;
			shellPath = /bin/sh;
			shellScript = "version=`/usr/libexec/PlistBuddy -c \"Print CFBundleShortVersionString\" \"$SRCROOT/SAWaterLevel/SAWaterLevel-Info.plist\"`\n\n/usr/libexec/PlistBuddy \"$SRCROOT/SAWaterLevel/Settings.bundle/Root.plist\" -c \"set PreferenceSpecifiers:0:DefaultValue $version\"    ";
		};
/* End PBXShellScriptBuildPhase section */

/* Begin PBXSourcesBuildPhase section */
		B0C95A81193A4B0600A6F1FA /* Sources */ = {
			isa = PBXSourcesBuildPhase;
			buildActionMask = 2147483647;
			files = (
				B09C3928197181C9003F5BA8 /* UIStoryboardSegue+TargetDestination.m in Sources */,
				B09C391A19717A54003F5BA8 /* SAWIrrigationSchedule.m in Sources */,
				B09C392419717F27003F5BA8 /* SAWCurrentLevelDataSource.m in Sources */,
				B0C95AD5193A4B3200A6F1FA /* AFHTTPRequestOperation.m in Sources */,
				B0C95A99193A4B0600A6F1FA /* SAWAppDelegate.m in Sources */,
				B09C393419719287003F5BA8 /* SAWStageLevel.m in Sources */,
				B0C95AD6193A4B3200A6F1FA /* AFHTTPRequestOperationManager.m in Sources */,
				B0C95AD8193A4B3200A6F1FA /* AFNetworkReachabilityManager.m in Sources */,
				B09C39481971C262003F5BA8 /* SAWLocalNotificationManager.m in Sources */,
				B0B87079197C757B00F367FB /* SAWConstants.m in Sources */,
				B0C95B17193A815700A6F1FA /* TRModalTransition.m in Sources */,
				B0B8707C197CB97300F367FB /* SAWStageLevelDescrepencyEducationView.m in Sources */,
				B0466FDC19808BA3009E1FBC /* SAWHistoricalDataMenuViewController.m in Sources */,
				B0C95ADC193A4B3200A6F1FA /* AFURLResponseSerialization.m in Sources */,
				B0C95ADA193A4B3200A6F1FA /* AFURLConnectionOperation.m in Sources */,
				B09C39151970C180003F5BA8 /* SAWDataController.m in Sources */,
				B0C95AD9193A4B3200A6F1FA /* AFSecurityPolicy.m in Sources */,
				B0C95AD7193A4B3200A6F1FA /* AFHTTPSessionManager.m in Sources */,
				B0C95AE5193A4BA100A6F1FA /* SAWWaterLevel.m in Sources */,
				B0C95AF9193A721200A6F1FA /* SAWStageDetailsViewController.m in Sources */,
				B0C95AE1193A4B7B00A6F1FA /* SAWNetworkController.m in Sources */,
				B0C95ADB193A4B3200A6F1FA /* AFURLRequestSerialization.m in Sources */,
				B0C95ADD193A4B3200A6F1FA /* AFURLSessionManager.m in Sources */,
				B09C3931197183E7003F5BA8 /* SAWStageLevel+UI.m in Sources */,
				B0C95A95193A4B0600A6F1FA /* main.m in Sources */,
				B09C391E19717D71003F5BA8 /* SAWRemindersViewController.m in Sources */,
				B0C95AF1193A5DFA00A6F1FA /* SAWLevelModel.m in Sources */,
				B0C95AF5193A6AFD00A6F1FA /* SAWHeaderView.m in Sources */,
				B0C95AEE193A531F00A6F1FA /* SAWCurrentLevelViewController.m in Sources */,
			);
			runOnlyForDeploymentPostprocessing = 0;
		};
		B0C95AA5193A4B0600A6F1FA /* Sources */ = {
			isa = PBXSourcesBuildPhase;
			buildActionMask = 2147483647;
			files = (
				B0B87076197C722800F367FB /* SAWIrrigationSchedule.m in Sources */,
				B09C39571972384D003F5BA8 /* SAWLocalNotificationManagerTest.m in Sources */,
				B09C394E197237EB003F5BA8 /* SAWLocalNotificationManager.m in Sources */,
				B09C39561972384D003F5BA8 /* SAWStageLevelTest.m in Sources */,
				B09C394B1971D1E8003F5BA8 /* SAWStageLevel.m in Sources */,
			);
			runOnlyForDeploymentPostprocessing = 0;
		};
/* End PBXSourcesBuildPhase section */

/* Begin PBXTargetDependency section */
		B0C95AAF193A4B0600A6F1FA /* PBXTargetDependency */ = {
			isa = PBXTargetDependency;
			target = B0C95A84193A4B0600A6F1FA /* SAWaterLevel */;
			targetProxy = B0C95AAE193A4B0600A6F1FA /* PBXContainerItemProxy */;
		};
/* End PBXTargetDependency section */

/* Begin PBXVariantGroup section */
		B0C95A91193A4B0600A6F1FA /* InfoPlist.strings */ = {
			isa = PBXVariantGroup;
			children = (
				B0C95A92193A4B0600A6F1FA /* en */,
				B09C395819735CF4003F5BA8 /* es */,
			);
			name = InfoPlist.strings;
			sourceTree = "<group>";
		};
		B0C95A9A193A4B0600A6F1FA /* Main_iPhone.storyboard */ = {
			isa = PBXVariantGroup;
			children = (
				B0C95A9B193A4B0600A6F1FA /* Base */,
			);
			name = Main_iPhone.storyboard;
			sourceTree = "<group>";
		};
		B0C95AB3193A4B0600A6F1FA /* InfoPlist.strings */ = {
			isa = PBXVariantGroup;
			children = (
				B0C95AB4193A4B0600A6F1FA /* en */,
			);
			name = InfoPlist.strings;
			sourceTree = "<group>";
		};
		B0C95B21193B687800A6F1FA /* Localizable.strings */ = {
			isa = PBXVariantGroup;
			children = (
				B0C95B20193B687800A6F1FA /* en */,
				B0C95B22193B690400A6F1FA /* es */,
			);
			name = Localizable.strings;
			sourceTree = "<group>";
		};
/* End PBXVariantGroup section */

/* Begin XCBuildConfiguration section */
		B0C95AB8193A4B0600A6F1FA /* Debug */ = {
			isa = XCBuildConfiguration;
			buildSettings = {
				ALWAYS_SEARCH_USER_PATHS = NO;
				CLANG_CXX_LANGUAGE_STANDARD = "gnu++0x";
				CLANG_CXX_LIBRARY = "libc++";
				CLANG_ENABLE_MODULES = YES;
				CLANG_ENABLE_OBJC_ARC = YES;
				CLANG_WARN_BOOL_CONVERSION = YES;
				CLANG_WARN_CONSTANT_CONVERSION = YES;
				CLANG_WARN_DIRECT_OBJC_ISA_USAGE = YES_ERROR;
				CLANG_WARN_EMPTY_BODY = YES;
				CLANG_WARN_ENUM_CONVERSION = YES;
				CLANG_WARN_INT_CONVERSION = YES;
				CLANG_WARN_OBJC_ROOT_CLASS = YES_ERROR;
				CLANG_WARN__DUPLICATE_METHOD_MATCH = YES;
				"CODE_SIGN_IDENTITY[sdk=iphoneos*]" = "iPhone Developer";
				COPY_PHASE_STRIP = NO;
				GCC_C_LANGUAGE_STANDARD = gnu99;
				GCC_DYNAMIC_NO_PIC = NO;
				GCC_OPTIMIZATION_LEVEL = 0;
				GCC_PREPROCESSOR_DEFINITIONS = (
					"DEBUG=1",
					"$(inherited)",
				);
				GCC_SYMBOLS_PRIVATE_EXTERN = NO;
				GCC_WARN_64_TO_32_BIT_CONVERSION = YES;
				GCC_WARN_ABOUT_RETURN_TYPE = YES_ERROR;
				GCC_WARN_UNDECLARED_SELECTOR = YES;
				GCC_WARN_UNINITIALIZED_AUTOS = YES_AGGRESSIVE;
				GCC_WARN_UNUSED_FUNCTION = YES;
				GCC_WARN_UNUSED_VARIABLE = YES;
				IPHONEOS_DEPLOYMENT_TARGET = 7.0;
				ONLY_ACTIVE_ARCH = YES;
				SDKROOT = iphoneos;
				TARGETED_DEVICE_FAMILY = "1,2";
			};
			name = Debug;
		};
		B0C95AB9193A4B0600A6F1FA /* Release */ = {
			isa = XCBuildConfiguration;
			buildSettings = {
				ALWAYS_SEARCH_USER_PATHS = NO;
				CLANG_CXX_LANGUAGE_STANDARD = "gnu++0x";
				CLANG_CXX_LIBRARY = "libc++";
				CLANG_ENABLE_MODULES = YES;
				CLANG_ENABLE_OBJC_ARC = YES;
				CLANG_WARN_BOOL_CONVERSION = YES;
				CLANG_WARN_CONSTANT_CONVERSION = YES;
				CLANG_WARN_DIRECT_OBJC_ISA_USAGE = YES_ERROR;
				CLANG_WARN_EMPTY_BODY = YES;
				CLANG_WARN_ENUM_CONVERSION = YES;
				CLANG_WARN_INT_CONVERSION = YES;
				CLANG_WARN_OBJC_ROOT_CLASS = YES_ERROR;
				CLANG_WARN__DUPLICATE_METHOD_MATCH = YES;
				"CODE_SIGN_IDENTITY[sdk=iphoneos*]" = "iPhone Developer";
				COPY_PHASE_STRIP = YES;
				ENABLE_NS_ASSERTIONS = NO;
				GCC_C_LANGUAGE_STANDARD = gnu99;
				GCC_WARN_64_TO_32_BIT_CONVERSION = YES;
				GCC_WARN_ABOUT_RETURN_TYPE = YES_ERROR;
				GCC_WARN_UNDECLARED_SELECTOR = YES;
				GCC_WARN_UNINITIALIZED_AUTOS = YES_AGGRESSIVE;
				GCC_WARN_UNUSED_FUNCTION = YES;
				GCC_WARN_UNUSED_VARIABLE = YES;
				IPHONEOS_DEPLOYMENT_TARGET = 7.0;
				SDKROOT = iphoneos;
				TARGETED_DEVICE_FAMILY = "1,2";
				VALIDATE_PRODUCT = YES;
			};
			name = Release;
		};
		B0C95ABB193A4B0600A6F1FA /* Debug */ = {
			isa = XCBuildConfiguration;
			buildSettings = {
				ASSETCATALOG_COMPILER_APPICON_NAME = AppIcon;
				ASSETCATALOG_COMPILER_LAUNCHIMAGE_NAME = LaunchImage;
				CODE_SIGN_IDENTITY = "";
				GCC_PRECOMPILE_PREFIX_HEADER = YES;
				GCC_PREFIX_HEADER = "SAWaterLevel/SAWaterLevel-Prefix.pch";
				INFOPLIST_FILE = "SAWaterLevel/SAWaterLevel-Info.plist";
				IPHONEOS_DEPLOYMENT_TARGET = 7.0;
				PRODUCT_NAME = "$(TARGET_NAME)";
				PROVISIONING_PROFILE = "37E307CB-32A1-4B81-9BD1-8831544D30E1";
				TARGETED_DEVICE_FAMILY = 1;
				WRAPPER_EXTENSION = app;
			};
			name = Debug;
		};
		B0C95ABC193A4B0600A6F1FA /* Release */ = {
			isa = XCBuildConfiguration;
			buildSettings = {
				ASSETCATALOG_COMPILER_APPICON_NAME = AppIcon;
				ASSETCATALOG_COMPILER_LAUNCHIMAGE_NAME = LaunchImage;
				CODE_SIGN_IDENTITY = "";
				"CODE_SIGN_IDENTITY[sdk=iphoneos*]" = "";
				GCC_PRECOMPILE_PREFIX_HEADER = YES;
				GCC_PREFIX_HEADER = "SAWaterLevel/SAWaterLevel-Prefix.pch";
				INFOPLIST_FILE = "SAWaterLevel/SAWaterLevel-Info.plist";
				IPHONEOS_DEPLOYMENT_TARGET = 7.0;
				PRODUCT_NAME = "$(TARGET_NAME)";
				PROVISIONING_PROFILE = "A59BE1B6-43DF-427E-88B0-F41864078CBB";
				TARGETED_DEVICE_FAMILY = 1;
				WRAPPER_EXTENSION = app;
			};
			name = Release;
		};
		B0C95ABE193A4B0600A6F1FA /* Debug */ = {
			isa = XCBuildConfiguration;
			buildSettings = {
				BUNDLE_LOADER = "$(BUILT_PRODUCTS_DIR)/SAWaterLevel.app/SAWaterLevel";
				FRAMEWORK_SEARCH_PATHS = (
					"$(SDKROOT)/Developer/Library/Frameworks",
					"$(inherited)",
					"$(DEVELOPER_FRAMEWORKS_DIR)",
				);
				GCC_PRECOMPILE_PREFIX_HEADER = YES;
				GCC_PREFIX_HEADER = "SAWaterLevel/SAWaterLevel-Prefix.pch";
				GCC_PREPROCESSOR_DEFINITIONS = (
					"DEBUG=1",
					"$(inherited)",
				);
				INFOPLIST_FILE = "SAWaterLevelTests/SAWaterLevelTests-Info.plist";
				PRODUCT_NAME = "$(TARGET_NAME)";
				TEST_HOST = "$(BUNDLE_LOADER)";
				WRAPPER_EXTENSION = xctest;
			};
			name = Debug;
		};
		B0C95ABF193A4B0600A6F1FA /* Release */ = {
			isa = XCBuildConfiguration;
			buildSettings = {
				BUNDLE_LOADER = "$(BUILT_PRODUCTS_DIR)/SAWaterLevel.app/SAWaterLevel";
				FRAMEWORK_SEARCH_PATHS = (
					"$(SDKROOT)/Developer/Library/Frameworks",
					"$(inherited)",
					"$(DEVELOPER_FRAMEWORKS_DIR)",
				);
				GCC_PRECOMPILE_PREFIX_HEADER = YES;
				GCC_PREFIX_HEADER = "SAWaterLevel/SAWaterLevel-Prefix.pch";
				INFOPLIST_FILE = "SAWaterLevelTests/SAWaterLevelTests-Info.plist";
				PRODUCT_NAME = "$(TARGET_NAME)";
				TEST_HOST = "$(BUNDLE_LOADER)";
				WRAPPER_EXTENSION = xctest;
			};
			name = Release;
		};
/* End XCBuildConfiguration section */

/* Begin XCConfigurationList section */
		B0C95A80193A4B0600A6F1FA /* Build configuration list for PBXProject "SAWaterLevel" */ = {
			isa = XCConfigurationList;
			buildConfigurations = (
				B0C95AB8193A4B0600A6F1FA /* Debug */,
				B0C95AB9193A4B0600A6F1FA /* Release */,
			);
			defaultConfigurationIsVisible = 0;
			defaultConfigurationName = Release;
		};
		B0C95ABA193A4B0600A6F1FA /* Build configuration list for PBXNativeTarget "SAWaterLevel" */ = {
			isa = XCConfigurationList;
			buildConfigurations = (
				B0C95ABB193A4B0600A6F1FA /* Debug */,
				B0C95ABC193A4B0600A6F1FA /* Release */,
			);
			defaultConfigurationIsVisible = 0;
			defaultConfigurationName = Release;
		};
		B0C95ABD193A4B0600A6F1FA /* Build configuration list for PBXNativeTarget "SAWaterLevelTests" */ = {
			isa = XCConfigurationList;
			buildConfigurations = (
				B0C95ABE193A4B0600A6F1FA /* Debug */,
				B0C95ABF193A4B0600A6F1FA /* Release */,
			);
			defaultConfigurationIsVisible = 0;
			defaultConfigurationName = Release;
		};
/* End XCConfigurationList section */
	};
	rootObject = B0C95A7D193A4B0600A6F1FA /* Project object */;
}
