// !$*UTF8*$!
{
	archiveVersion = 1;
	classes = {
	};
	objectVersion = 46;
	objects = {

/* Begin PBXBuildFile section */
		B01E28611B2E48FC009EE936 /* NSDate+TimeAgo.h in Headers */ = {isa = PBXBuildFile; fileRef = B01E285F1B2E48FC009EE936 /* NSDate+TimeAgo.h */; settings = {ATTRIBUTES = (Public, ); }; };
		B01E28621B2E48FC009EE936 /* NSDate+TimeAgo.m in Sources */ = {isa = PBXBuildFile; fileRef = B01E28601B2E48FC009EE936 /* NSDate+TimeAgo.m */; };
		B01E28631B2E75F0009EE936 /* Localizable.strings in Resources */ = {isa = PBXBuildFile; fileRef = B0C95B21193B687800A6F1FA /* Localizable.strings */; };
		B01E286B1B32513E009EE936 /* SAWNotificationInterfaceController.m in Sources */ = {isa = PBXBuildFile; fileRef = B01E286A1B32513E009EE936 /* SAWNotificationInterfaceController.m */; };
		B03ED6AC1B1BF34B0027F59B /* NotificationCenter.framework in Frameworks */ = {isa = PBXBuildFile; fileRef = B03ED6AB1B1BF34B0027F59B /* NotificationCenter.framework */; };
		B03ED6B21B1BF34B0027F59B /* TodayViewController.m in Sources */ = {isa = PBXBuildFile; fileRef = B03ED6B11B1BF34B0027F59B /* TodayViewController.m */; };
		B03ED6B41B1BF34B0027F59B /* MainInterface.storyboard in Resources */ = {isa = PBXBuildFile; fileRef = B03ED6B31B1BF34B0027F59B /* MainInterface.storyboard */; };
		B03ED6B71B1BF34B0027F59B /* SAWaterTodayWidget.appex in Embed App Extensions */ = {isa = PBXBuildFile; fileRef = B03ED6AA1B1BF34B0027F59B /* SAWaterTodayWidget.appex */; settings = {ATTRIBUTES = (RemoveHeadersOnCopy, ); }; };
		B03ED6C61B1BF7D60027F59B /* SAWaterLevelCommon.h in Headers */ = {isa = PBXBuildFile; fileRef = B03ED6C51B1BF7D60027F59B /* SAWaterLevelCommon.h */; settings = {ATTRIBUTES = (Public, ); }; };
		B03ED6CC1B1BF7D60027F59B /* SAWaterLevelCommon.framework in Frameworks */ = {isa = PBXBuildFile; fileRef = B03ED6C11B1BF7D60027F59B /* SAWaterLevelCommon.framework */; };
		B03ED6D51B1BF7D70027F59B /* SAWaterLevelCommonTests.m in Sources */ = {isa = PBXBuildFile; fileRef = B03ED6D41B1BF7D70027F59B /* SAWaterLevelCommonTests.m */; };
		B03ED6D81B1BF7D70027F59B /* SAWaterLevelCommon.framework in Frameworks */ = {isa = PBXBuildFile; fileRef = B03ED6C11B1BF7D60027F59B /* SAWaterLevelCommon.framework */; };
		B03ED6D91B1BF7D70027F59B /* SAWaterLevelCommon.framework in Embed Frameworks */ = {isa = PBXBuildFile; fileRef = B03ED6C11B1BF7D60027F59B /* SAWaterLevelCommon.framework */; settings = {ATTRIBUTES = (CodeSignOnCopy, RemoveHeadersOnCopy, ); }; };
		B03ED6EE1B1BFBB70027F59B /* SAWConstants.h in Headers */ = {isa = PBXBuildFile; fileRef = B03ED6E41B1BFBB70027F59B /* SAWConstants.h */; settings = {ATTRIBUTES = (Public, ); }; };
		B03ED6EF1B1BFBB70027F59B /* SAWConstants.m in Sources */ = {isa = PBXBuildFile; fileRef = B03ED6E51B1BFBB70027F59B /* SAWConstants.m */; };
		B03ED6F01B1BFBB70027F59B /* SAWDataController.h in Headers */ = {isa = PBXBuildFile; fileRef = B03ED6E61B1BFBB70027F59B /* SAWDataController.h */; settings = {ATTRIBUTES = (Public, ); }; };
		B03ED6F11B1BFBB70027F59B /* SAWDataController.m in Sources */ = {isa = PBXBuildFile; fileRef = B03ED6E71B1BFBB70027F59B /* SAWDataController.m */; };
		B03ED6F21B1BFBB70027F59B /* SAWIrrigationSchedule.h in Headers */ = {isa = PBXBuildFile; fileRef = B03ED6E81B1BFBB70027F59B /* SAWIrrigationSchedule.h */; settings = {ATTRIBUTES = (Public, ); }; };
		B03ED6F31B1BFBB70027F59B /* SAWIrrigationSchedule.m in Sources */ = {isa = PBXBuildFile; fileRef = B03ED6E91B1BFBB70027F59B /* SAWIrrigationSchedule.m */; };
		B03ED6F41B1BFBB70027F59B /* SAWStageLevel.h in Headers */ = {isa = PBXBuildFile; fileRef = B03ED6EA1B1BFBB70027F59B /* SAWStageLevel.h */; settings = {ATTRIBUTES = (Public, ); }; };
		B03ED6F51B1BFBB70027F59B /* SAWStageLevel.m in Sources */ = {isa = PBXBuildFile; fileRef = B03ED6EB1B1BFBB70027F59B /* SAWStageLevel.m */; };
		B03ED6F61B1BFBB70027F59B /* SAWWaterLevel.h in Headers */ = {isa = PBXBuildFile; fileRef = B03ED6EC1B1BFBB70027F59B /* SAWWaterLevel.h */; settings = {ATTRIBUTES = (Public, ); }; };
		B03ED6F71B1BFBB70027F59B /* SAWWaterLevel.m in Sources */ = {isa = PBXBuildFile; fileRef = B03ED6ED1B1BFBB70027F59B /* SAWWaterLevel.m */; };
		B03ED6F91B1BFFCE0027F59B /* SAWaterLevelCommon.framework in Frameworks */ = {isa = PBXBuildFile; fileRef = B03ED6C11B1BF7D60027F59B /* SAWaterLevelCommon.framework */; };
		B03ED7251B1C05900027F59B /* AFHTTPRequestOperation.h in Headers */ = {isa = PBXBuildFile; fileRef = B03ED7121B1C05900027F59B /* AFHTTPRequestOperation.h */; };
		B03ED7261B1C05900027F59B /* AFHTTPRequestOperation.m in Sources */ = {isa = PBXBuildFile; fileRef = B03ED7131B1C05900027F59B /* AFHTTPRequestOperation.m */; };
		B03ED7271B1C05900027F59B /* AFHTTPRequestOperationManager.h in Headers */ = {isa = PBXBuildFile; fileRef = B03ED7141B1C05900027F59B /* AFHTTPRequestOperationManager.h */; };
		B03ED7281B1C05900027F59B /* AFHTTPRequestOperationManager.m in Sources */ = {isa = PBXBuildFile; fileRef = B03ED7151B1C05900027F59B /* AFHTTPRequestOperationManager.m */; };
		B03ED7291B1C05900027F59B /* AFHTTPSessionManager.h in Headers */ = {isa = PBXBuildFile; fileRef = B03ED7161B1C05900027F59B /* AFHTTPSessionManager.h */; };
		B03ED72A1B1C05900027F59B /* AFHTTPSessionManager.m in Sources */ = {isa = PBXBuildFile; fileRef = B03ED7171B1C05900027F59B /* AFHTTPSessionManager.m */; };
		B03ED72B1B1C05900027F59B /* AFNetworking.h in Headers */ = {isa = PBXBuildFile; fileRef = B03ED7181B1C05900027F59B /* AFNetworking.h */; };
		B03ED72C1B1C05900027F59B /* AFNetworkReachabilityManager.h in Headers */ = {isa = PBXBuildFile; fileRef = B03ED7191B1C05900027F59B /* AFNetworkReachabilityManager.h */; };
		B03ED72D1B1C05900027F59B /* AFNetworkReachabilityManager.m in Sources */ = {isa = PBXBuildFile; fileRef = B03ED71A1B1C05900027F59B /* AFNetworkReachabilityManager.m */; };
		B03ED72E1B1C05900027F59B /* AFSecurityPolicy.h in Headers */ = {isa = PBXBuildFile; fileRef = B03ED71B1B1C05900027F59B /* AFSecurityPolicy.h */; };
		B03ED72F1B1C05900027F59B /* AFSecurityPolicy.m in Sources */ = {isa = PBXBuildFile; fileRef = B03ED71C1B1C05900027F59B /* AFSecurityPolicy.m */; };
		B03ED7301B1C05900027F59B /* AFURLConnectionOperation.h in Headers */ = {isa = PBXBuildFile; fileRef = B03ED71D1B1C05900027F59B /* AFURLConnectionOperation.h */; };
		B03ED7311B1C05900027F59B /* AFURLConnectionOperation.m in Sources */ = {isa = PBXBuildFile; fileRef = B03ED71E1B1C05900027F59B /* AFURLConnectionOperation.m */; };
		B03ED7321B1C05900027F59B /* AFURLRequestSerialization.h in Headers */ = {isa = PBXBuildFile; fileRef = B03ED71F1B1C05900027F59B /* AFURLRequestSerialization.h */; };
		B03ED7331B1C05900027F59B /* AFURLRequestSerialization.m in Sources */ = {isa = PBXBuildFile; fileRef = B03ED7201B1C05900027F59B /* AFURLRequestSerialization.m */; };
		B03ED7341B1C05900027F59B /* AFURLResponseSerialization.h in Headers */ = {isa = PBXBuildFile; fileRef = B03ED7211B1C05900027F59B /* AFURLResponseSerialization.h */; };
		B03ED7351B1C05900027F59B /* AFURLResponseSerialization.m in Sources */ = {isa = PBXBuildFile; fileRef = B03ED7221B1C05900027F59B /* AFURLResponseSerialization.m */; };
		B03ED7361B1C05900027F59B /* AFURLSessionManager.h in Headers */ = {isa = PBXBuildFile; fileRef = B03ED7231B1C05900027F59B /* AFURLSessionManager.h */; };
		B03ED7371B1C05900027F59B /* AFURLSessionManager.m in Sources */ = {isa = PBXBuildFile; fileRef = B03ED7241B1C05900027F59B /* AFURLSessionManager.m */; };
		B03ED73F1B1C07300027F59B /* SAWNetworkController.h in Headers */ = {isa = PBXBuildFile; fileRef = B03ED73D1B1C07300027F59B /* SAWNetworkController.h */; settings = {ATTRIBUTES = (Public, ); }; };
		B03ED7401B1C07300027F59B /* SAWNetworkController.m in Sources */ = {isa = PBXBuildFile; fileRef = B03ED73E1B1C07300027F59B /* SAWNetworkController.m */; };
		B03ED74A1B1C11AA0027F59B /* SAWStageLevel+UI.h in Headers */ = {isa = PBXBuildFile; fileRef = B03ED7481B1C11AA0027F59B /* SAWStageLevel+UI.h */; settings = {ATTRIBUTES = (Public, ); }; };
		B03ED74B1B1C11AA0027F59B /* SAWStageLevel+UI.m in Sources */ = {isa = PBXBuildFile; fileRef = B03ED7491B1C11AA0027F59B /* SAWStageLevel+UI.m */; };
		B03ED75C1B1D31B40027F59B /* Images.xcassets in Resources */ = {isa = PBXBuildFile; fileRef = B03ED75B1B1D31B40027F59B /* Images.xcassets */; };
		B03ED7601B1D31B50027F59B /* SAWaterLevel WatchKit App.app in Resources */ = {isa = PBXBuildFile; fileRef = B03ED75F1B1D31B40027F59B /* SAWaterLevel WatchKit App.app */; };
		B03ED7681B1D31B50027F59B /* Interface.storyboard in Resources */ = {isa = PBXBuildFile; fileRef = B03ED7661B1D31B50027F59B /* Interface.storyboard */; };
		B03ED76A1B1D31B50027F59B /* Images.xcassets in Resources */ = {isa = PBXBuildFile; fileRef = B03ED7691B1D31B50027F59B /* Images.xcassets */; };
		B03ED76D1B1D31B50027F59B /* SAWaterLevel WatchKit Extension.appex in Embed App Extensions */ = {isa = PBXBuildFile; fileRef = B03ED7501B1D31B40027F59B /* SAWaterLevel WatchKit Extension.appex */; settings = {ATTRIBUTES = (RemoveHeadersOnCopy, ); }; };
		B03ED7781B1D36510027F59B /* SAWGlanceInterfaceController.h in Headers */ = {isa = PBXBuildFile; fileRef = B03ED7761B1D36510027F59B /* SAWGlanceInterfaceController.h */; };
		B03ED77A1B1D36570027F59B /* SAWGlanceInterfaceController.m in Sources */ = {isa = PBXBuildFile; fileRef = B03ED7771B1D36510027F59B /* SAWGlanceInterfaceController.m */; };
		B03ED77B1B1D36640027F59B /* SAWaterLevelCommon.framework in Frameworks */ = {isa = PBXBuildFile; fileRef = B03ED6C11B1BF7D60027F59B /* SAWaterLevelCommon.framework */; };
		B03ED77E1B1D572A0027F59B /* Localizable.strings in Resources */ = {isa = PBXBuildFile; fileRef = B0C95B21193B687800A6F1FA /* Localizable.strings */; };
		B03ED77F1B1D572C0027F59B /* Localizable.strings in Resources */ = {isa = PBXBuildFile; fileRef = B0C95B21193B687800A6F1FA /* Localizable.strings */; };
		B03ED7801B1D57300027F59B /* Localizable.strings in Resources */ = {isa = PBXBuildFile; fileRef = B0C95B21193B687800A6F1FA /* Localizable.strings */; };
		B03ED7891B1D609B0027F59B /* InfoPlist.strings in Resources */ = {isa = PBXBuildFile; fileRef = B0C95A91193A4B0600A6F1FA /* InfoPlist.strings */; };
		B03ED78A1B1D609F0027F59B /* InfoPlist.strings in Resources */ = {isa = PBXBuildFile; fileRef = B0C95A91193A4B0600A6F1FA /* InfoPlist.strings */; };
		B0466FD2197F5C50009E1FBC /* Settings.bundle in Resources */ = {isa = PBXBuildFile; fileRef = B0466FD1197F5C50009E1FBC /* Settings.bundle */; };
		B09C39171970C9B9003F5BA8 /* MapKit.framework in Frameworks */ = {isa = PBXBuildFile; fileRef = B09C39161970C9B9003F5BA8 /* MapKit.framework */; };
		B09C391E19717D71003F5BA8 /* SAWRemindersViewController.m in Sources */ = {isa = PBXBuildFile; fileRef = B09C391D19717D71003F5BA8 /* SAWRemindersViewController.m */; };
		B09C392419717F27003F5BA8 /* SAWCurrentLevelDataSource.m in Sources */ = {isa = PBXBuildFile; fileRef = B09C392319717F27003F5BA8 /* SAWCurrentLevelDataSource.m */; };
		B09C3928197181C9003F5BA8 /* UIStoryboardSegue+TargetDestination.m in Sources */ = {isa = PBXBuildFile; fileRef = B09C3927197181C9003F5BA8 /* UIStoryboardSegue+TargetDestination.m */; };
		B09C39451971963D003F5BA8 /* WebContent in Resources */ = {isa = PBXBuildFile; fileRef = B09C39441971963D003F5BA8 /* WebContent */; };
		B09C39481971C262003F5BA8 /* SAWLocalNotificationManager.m in Sources */ = {isa = PBXBuildFile; fileRef = B09C39471971C262003F5BA8 /* SAWLocalNotificationManager.m */; };
		B09C394E197237EB003F5BA8 /* SAWLocalNotificationManager.m in Sources */ = {isa = PBXBuildFile; fileRef = B09C39471971C262003F5BA8 /* SAWLocalNotificationManager.m */; };
		B09C39561972384D003F5BA8 /* SAWStageLevelTest.m in Sources */ = {isa = PBXBuildFile; fileRef = B09C39531972384D003F5BA8 /* SAWStageLevelTest.m */; };
		B09C39571972384D003F5BA8 /* SAWLocalNotificationManagerTest.m in Sources */ = {isa = PBXBuildFile; fileRef = B09C39551972384D003F5BA8 /* SAWLocalNotificationManagerTest.m */; };
		B0B8707C197CB97300F367FB /* SAWStageLevelDescrepencyEducationView.m in Sources */ = {isa = PBXBuildFile; fileRef = B0B8707B197CB97300F367FB /* SAWStageLevelDescrepencyEducationView.m */; };
		B0C95A89193A4B0600A6F1FA /* Foundation.framework in Frameworks */ = {isa = PBXBuildFile; fileRef = B0C95A88193A4B0600A6F1FA /* Foundation.framework */; };
		B0C95A8B193A4B0600A6F1FA /* CoreGraphics.framework in Frameworks */ = {isa = PBXBuildFile; fileRef = B0C95A8A193A4B0600A6F1FA /* CoreGraphics.framework */; };
		B0C95A8D193A4B0600A6F1FA /* UIKit.framework in Frameworks */ = {isa = PBXBuildFile; fileRef = B0C95A8C193A4B0600A6F1FA /* UIKit.framework */; };
		B0C95A93193A4B0600A6F1FA /* InfoPlist.strings in Resources */ = {isa = PBXBuildFile; fileRef = B0C95A91193A4B0600A6F1FA /* InfoPlist.strings */; };
		B0C95A95193A4B0600A6F1FA /* main.m in Sources */ = {isa = PBXBuildFile; fileRef = B0C95A94193A4B0600A6F1FA /* main.m */; };
		B0C95A99193A4B0600A6F1FA /* SAWAppDelegate.m in Sources */ = {isa = PBXBuildFile; fileRef = B0C95A98193A4B0600A6F1FA /* SAWAppDelegate.m */; };
		B0C95A9C193A4B0600A6F1FA /* Main_iPhone.storyboard in Resources */ = {isa = PBXBuildFile; fileRef = B0C95A9A193A4B0600A6F1FA /* Main_iPhone.storyboard */; };
		B0C95AA4193A4B0600A6F1FA /* Images.xcassets in Resources */ = {isa = PBXBuildFile; fileRef = B0C95AA3193A4B0600A6F1FA /* Images.xcassets */; };
		B0C95AAB193A4B0600A6F1FA /* XCTest.framework in Frameworks */ = {isa = PBXBuildFile; fileRef = B0C95AAA193A4B0600A6F1FA /* XCTest.framework */; };
		B0C95AAC193A4B0600A6F1FA /* Foundation.framework in Frameworks */ = {isa = PBXBuildFile; fileRef = B0C95A88193A4B0600A6F1FA /* Foundation.framework */; };
		B0C95AAD193A4B0600A6F1FA /* UIKit.framework in Frameworks */ = {isa = PBXBuildFile; fileRef = B0C95A8C193A4B0600A6F1FA /* UIKit.framework */; };
		B0C95AB5193A4B0600A6F1FA /* InfoPlist.strings in Resources */ = {isa = PBXBuildFile; fileRef = B0C95AB3193A4B0600A6F1FA /* InfoPlist.strings */; };
		B0C95AEE193A531F00A6F1FA /* SAWCurrentLevelViewController.m in Sources */ = {isa = PBXBuildFile; fileRef = B0C95AED193A531F00A6F1FA /* SAWCurrentLevelViewController.m */; };
		B0C95AF1193A5DFA00A6F1FA /* SAWLevelModel.m in Sources */ = {isa = PBXBuildFile; fileRef = B0C95AF0193A5DFA00A6F1FA /* SAWLevelModel.m */; };
		B0C95AF5193A6AFD00A6F1FA /* SAWHeaderView.m in Sources */ = {isa = PBXBuildFile; fileRef = B0C95AF4193A6AFD00A6F1FA /* SAWHeaderView.m */; };
		B0C95AF9193A721200A6F1FA /* SAWStageDetailsViewController.m in Sources */ = {isa = PBXBuildFile; fileRef = B0C95AF8193A721200A6F1FA /* SAWStageDetailsViewController.m */; };
		B0C95B17193A815700A6F1FA /* TRModalTransition.m in Sources */ = {isa = PBXBuildFile; fileRef = B0C95B16193A815700A6F1FA /* TRModalTransition.m */; };
		B0C95B1F193B687800A6F1FA /* Localizable.strings in Resources */ = {isa = PBXBuildFile; fileRef = B0C95B21193B687800A6F1FA /* Localizable.strings */; };
/* End PBXBuildFile section */

/* Begin PBXContainerItemProxy section */
		B03ED6B51B1BF34B0027F59B /* PBXContainerItemProxy */ = {
			isa = PBXContainerItemProxy;
			containerPortal = B0C95A7D193A4B0600A6F1FA /* Project object */;
			proxyType = 1;
			remoteGlobalIDString = B03ED6A91B1BF34B0027F59B;
			remoteInfo = SAWaterTodayWidget;
		};
		B03ED6CD1B1BF7D60027F59B /* PBXContainerItemProxy */ = {
			isa = PBXContainerItemProxy;
			containerPortal = B0C95A7D193A4B0600A6F1FA /* Project object */;
			proxyType = 1;
			remoteGlobalIDString = B03ED6C01B1BF7D60027F59B;
			remoteInfo = SAWaterLevelCommon;
		};
		B03ED6CF1B1BF7D70027F59B /* PBXContainerItemProxy */ = {
			isa = PBXContainerItemProxy;
			containerPortal = B0C95A7D193A4B0600A6F1FA /* Project object */;
			proxyType = 1;
			remoteGlobalIDString = B0C95A84193A4B0600A6F1FA;
			remoteInfo = SAWaterLevel;
		};
		B03ED6D61B1BF7D70027F59B /* PBXContainerItemProxy */ = {
			isa = PBXContainerItemProxy;
			containerPortal = B0C95A7D193A4B0600A6F1FA /* Project object */;
			proxyType = 1;
			remoteGlobalIDString = B03ED6C01B1BF7D60027F59B;
			remoteInfo = SAWaterLevelCommon;
		};
		B03ED7611B1D31B50027F59B /* PBXContainerItemProxy */ = {
			isa = PBXContainerItemProxy;
			containerPortal = B0C95A7D193A4B0600A6F1FA /* Project object */;
			proxyType = 1;
			remoteGlobalIDString = B03ED75E1B1D31B40027F59B;
			remoteInfo = "SAWaterLevel WatchKit App";
		};
		B03ED76B1B1D31B50027F59B /* PBXContainerItemProxy */ = {
			isa = PBXContainerItemProxy;
			containerPortal = B0C95A7D193A4B0600A6F1FA /* Project object */;
			proxyType = 1;
			remoteGlobalIDString = B03ED74F1B1D31B40027F59B;
			remoteInfo = "SAWaterLevel WatchKit Extension";
		};
		B0C95AAE193A4B0600A6F1FA /* PBXContainerItemProxy */ = {
			isa = PBXContainerItemProxy;
			containerPortal = B0C95A7D193A4B0600A6F1FA /* Project object */;
			proxyType = 1;
			remoteGlobalIDString = B0C95A84193A4B0600A6F1FA;
			remoteInfo = SAWaterLevel;
		};
/* End PBXContainerItemProxy section */

/* Begin PBXCopyFilesBuildPhase section */
		B03ED6BB1B1BF34B0027F59B /* Embed App Extensions */ = {
			isa = PBXCopyFilesBuildPhase;
			buildActionMask = 2147483647;
			dstPath = "";
			dstSubfolderSpec = 13;
			files = (
				B03ED76D1B1D31B50027F59B /* SAWaterLevel WatchKit Extension.appex in Embed App Extensions */,
				B03ED6B71B1BF34B0027F59B /* SAWaterTodayWidget.appex in Embed App Extensions */,
			);
			name = "Embed App Extensions";
			runOnlyForDeploymentPostprocessing = 0;
		};
		B03ED6DD1B1BF7D70027F59B /* Embed Frameworks */ = {
			isa = PBXCopyFilesBuildPhase;
			buildActionMask = 2147483647;
			dstPath = "";
			dstSubfolderSpec = 10;
			files = (
				B03ED6D91B1BF7D70027F59B /* SAWaterLevelCommon.framework in Embed Frameworks */,
			);
			name = "Embed Frameworks";
			runOnlyForDeploymentPostprocessing = 0;
		};
/* End PBXCopyFilesBuildPhase section */

/* Begin PBXFileReference section */
		B01E285F1B2E48FC009EE936 /* NSDate+TimeAgo.h */ = {isa = PBXFileReference; fileEncoding = 4; lastKnownFileType = sourcecode.c.h; path = "NSDate+TimeAgo.h"; sourceTree = "<group>"; };
		B01E28601B2E48FC009EE936 /* NSDate+TimeAgo.m */ = {isa = PBXFileReference; fileEncoding = 4; lastKnownFileType = sourcecode.c.objc; path = "NSDate+TimeAgo.m"; sourceTree = "<group>"; };
		B01E28691B32513E009EE936 /* SAWNotificationInterfaceController.h */ = {isa = PBXFileReference; fileEncoding = 4; lastKnownFileType = sourcecode.c.h; path = SAWNotificationInterfaceController.h; sourceTree = "<group>"; };
		B01E286A1B32513E009EE936 /* SAWNotificationInterfaceController.m */ = {isa = PBXFileReference; fileEncoding = 4; lastKnownFileType = sourcecode.c.objc; path = SAWNotificationInterfaceController.m; sourceTree = "<group>"; };
		B03ED6AA1B1BF34B0027F59B /* SAWaterTodayWidget.appex */ = {isa = PBXFileReference; explicitFileType = "wrapper.app-extension"; includeInIndex = 0; path = SAWaterTodayWidget.appex; sourceTree = BUILT_PRODUCTS_DIR; };
		B03ED6AB1B1BF34B0027F59B /* NotificationCenter.framework */ = {isa = PBXFileReference; lastKnownFileType = wrapper.framework; name = NotificationCenter.framework; path = System/Library/Frameworks/NotificationCenter.framework; sourceTree = SDKROOT; };
		B03ED6AF1B1BF34B0027F59B /* Info.plist */ = {isa = PBXFileReference; lastKnownFileType = text.plist.xml; path = Info.plist; sourceTree = "<group>"; };
		B03ED6B01B1BF34B0027F59B /* TodayViewController.h */ = {isa = PBXFileReference; lastKnownFileType = sourcecode.c.h; path = TodayViewController.h; sourceTree = "<group>"; };
		B03ED6B11B1BF34B0027F59B /* TodayViewController.m */ = {isa = PBXFileReference; lastKnownFileType = sourcecode.c.objc; path = TodayViewController.m; sourceTree = "<group>"; };
		B03ED6B31B1BF34B0027F59B /* MainInterface.storyboard */ = {isa = PBXFileReference; lastKnownFileType = file.storyboard; path = MainInterface.storyboard; sourceTree = "<group>"; };
		B03ED6C11B1BF7D60027F59B /* SAWaterLevelCommon.framework */ = {isa = PBXFileReference; explicitFileType = wrapper.framework; includeInIndex = 0; path = SAWaterLevelCommon.framework; sourceTree = BUILT_PRODUCTS_DIR; };
		B03ED6C51B1BF7D60027F59B /* SAWaterLevelCommon.h */ = {isa = PBXFileReference; lastKnownFileType = sourcecode.c.h; path = SAWaterLevelCommon.h; sourceTree = "<group>"; };
		B03ED6CB1B1BF7D60027F59B /* SAWaterLevelCommonTests.xctest */ = {isa = PBXFileReference; explicitFileType = wrapper.cfbundle; includeInIndex = 0; path = SAWaterLevelCommonTests.xctest; sourceTree = BUILT_PRODUCTS_DIR; };
		B03ED6D31B1BF7D70027F59B /* Info.plist */ = {isa = PBXFileReference; lastKnownFileType = text.plist.xml; path = Info.plist; sourceTree = "<group>"; };
		B03ED6D41B1BF7D70027F59B /* SAWaterLevelCommonTests.m */ = {isa = PBXFileReference; lastKnownFileType = sourcecode.c.objc; path = SAWaterLevelCommonTests.m; sourceTree = "<group>"; };
		B03ED6E11B1BFA980027F59B /* SAWaterLevel.entitlements */ = {isa = PBXFileReference; lastKnownFileType = text.xml; path = SAWaterLevel.entitlements; sourceTree = "<group>"; };
		B03ED6E21B1BFAD60027F59B /* SAWaterTodayWidget.entitlements */ = {isa = PBXFileReference; lastKnownFileType = text.xml; path = SAWaterTodayWidget.entitlements; sourceTree = "<group>"; };
		B03ED6E41B1BFBB70027F59B /* SAWConstants.h */ = {isa = PBXFileReference; fileEncoding = 4; lastKnownFileType = sourcecode.c.h; path = SAWConstants.h; sourceTree = "<group>"; };
		B03ED6E51B1BFBB70027F59B /* SAWConstants.m */ = {isa = PBXFileReference; fileEncoding = 4; lastKnownFileType = sourcecode.c.objc; path = SAWConstants.m; sourceTree = "<group>"; };
		B03ED6E61B1BFBB70027F59B /* SAWDataController.h */ = {isa = PBXFileReference; fileEncoding = 4; lastKnownFileType = sourcecode.c.h; path = SAWDataController.h; sourceTree = "<group>"; };
		B03ED6E71B1BFBB70027F59B /* SAWDataController.m */ = {isa = PBXFileReference; fileEncoding = 4; lastKnownFileType = sourcecode.c.objc; path = SAWDataController.m; sourceTree = "<group>"; };
		B03ED6E81B1BFBB70027F59B /* SAWIrrigationSchedule.h */ = {isa = PBXFileReference; fileEncoding = 4; lastKnownFileType = sourcecode.c.h; path = SAWIrrigationSchedule.h; sourceTree = "<group>"; };
		B03ED6E91B1BFBB70027F59B /* SAWIrrigationSchedule.m */ = {isa = PBXFileReference; fileEncoding = 4; lastKnownFileType = sourcecode.c.objc; path = SAWIrrigationSchedule.m; sourceTree = "<group>"; };
		B03ED6EA1B1BFBB70027F59B /* SAWStageLevel.h */ = {isa = PBXFileReference; fileEncoding = 4; lastKnownFileType = sourcecode.c.h; path = SAWStageLevel.h; sourceTree = "<group>"; };
		B03ED6EB1B1BFBB70027F59B /* SAWStageLevel.m */ = {isa = PBXFileReference; fileEncoding = 4; lastKnownFileType = sourcecode.c.objc; path = SAWStageLevel.m; sourceTree = "<group>"; };
		B03ED6EC1B1BFBB70027F59B /* SAWWaterLevel.h */ = {isa = PBXFileReference; fileEncoding = 4; lastKnownFileType = sourcecode.c.h; path = SAWWaterLevel.h; sourceTree = "<group>"; };
		B03ED6ED1B1BFBB70027F59B /* SAWWaterLevel.m */ = {isa = PBXFileReference; fileEncoding = 4; lastKnownFileType = sourcecode.c.objc; path = SAWWaterLevel.m; sourceTree = "<group>"; };
		B03ED7121B1C05900027F59B /* AFHTTPRequestOperation.h */ = {isa = PBXFileReference; fileEncoding = 4; lastKnownFileType = sourcecode.c.h; path = AFHTTPRequestOperation.h; sourceTree = "<group>"; };
		B03ED7131B1C05900027F59B /* AFHTTPRequestOperation.m */ = {isa = PBXFileReference; fileEncoding = 4; lastKnownFileType = sourcecode.c.objc; path = AFHTTPRequestOperation.m; sourceTree = "<group>"; };
		B03ED7141B1C05900027F59B /* AFHTTPRequestOperationManager.h */ = {isa = PBXFileReference; fileEncoding = 4; lastKnownFileType = sourcecode.c.h; path = AFHTTPRequestOperationManager.h; sourceTree = "<group>"; };
		B03ED7151B1C05900027F59B /* AFHTTPRequestOperationManager.m */ = {isa = PBXFileReference; fileEncoding = 4; lastKnownFileType = sourcecode.c.objc; path = AFHTTPRequestOperationManager.m; sourceTree = "<group>"; };
		B03ED7161B1C05900027F59B /* AFHTTPSessionManager.h */ = {isa = PBXFileReference; fileEncoding = 4; lastKnownFileType = sourcecode.c.h; path = AFHTTPSessionManager.h; sourceTree = "<group>"; };
		B03ED7171B1C05900027F59B /* AFHTTPSessionManager.m */ = {isa = PBXFileReference; fileEncoding = 4; lastKnownFileType = sourcecode.c.objc; path = AFHTTPSessionManager.m; sourceTree = "<group>"; };
		B03ED7181B1C05900027F59B /* AFNetworking.h */ = {isa = PBXFileReference; fileEncoding = 4; lastKnownFileType = sourcecode.c.h; path = AFNetworking.h; sourceTree = "<group>"; };
		B03ED7191B1C05900027F59B /* AFNetworkReachabilityManager.h */ = {isa = PBXFileReference; fileEncoding = 4; lastKnownFileType = sourcecode.c.h; path = AFNetworkReachabilityManager.h; sourceTree = "<group>"; };
		B03ED71A1B1C05900027F59B /* AFNetworkReachabilityManager.m */ = {isa = PBXFileReference; fileEncoding = 4; lastKnownFileType = sourcecode.c.objc; path = AFNetworkReachabilityManager.m; sourceTree = "<group>"; };
		B03ED71B1B1C05900027F59B /* AFSecurityPolicy.h */ = {isa = PBXFileReference; fileEncoding = 4; lastKnownFileType = sourcecode.c.h; path = AFSecurityPolicy.h; sourceTree = "<group>"; };
		B03ED71C1B1C05900027F59B /* AFSecurityPolicy.m */ = {isa = PBXFileReference; fileEncoding = 4; lastKnownFileType = sourcecode.c.objc; path = AFSecurityPolicy.m; sourceTree = "<group>"; };
		B03ED71D1B1C05900027F59B /* AFURLConnectionOperation.h */ = {isa = PBXFileReference; fileEncoding = 4; lastKnownFileType = sourcecode.c.h; path = AFURLConnectionOperation.h; sourceTree = "<group>"; };
		B03ED71E1B1C05900027F59B /* AFURLConnectionOperation.m */ = {isa = PBXFileReference; fileEncoding = 4; lastKnownFileType = sourcecode.c.objc; path = AFURLConnectionOperation.m; sourceTree = "<group>"; };
		B03ED71F1B1C05900027F59B /* AFURLRequestSerialization.h */ = {isa = PBXFileReference; fileEncoding = 4; lastKnownFileType = sourcecode.c.h; path = AFURLRequestSerialization.h; sourceTree = "<group>"; };
		B03ED7201B1C05900027F59B /* AFURLRequestSerialization.m */ = {isa = PBXFileReference; fileEncoding = 4; lastKnownFileType = sourcecode.c.objc; path = AFURLRequestSerialization.m; sourceTree = "<group>"; };
		B03ED7211B1C05900027F59B /* AFURLResponseSerialization.h */ = {isa = PBXFileReference; fileEncoding = 4; lastKnownFileType = sourcecode.c.h; path = AFURLResponseSerialization.h; sourceTree = "<group>"; };
		B03ED7221B1C05900027F59B /* AFURLResponseSerialization.m */ = {isa = PBXFileReference; fileEncoding = 4; lastKnownFileType = sourcecode.c.objc; path = AFURLResponseSerialization.m; sourceTree = "<group>"; };
		B03ED7231B1C05900027F59B /* AFURLSessionManager.h */ = {isa = PBXFileReference; fileEncoding = 4; lastKnownFileType = sourcecode.c.h; path = AFURLSessionManager.h; sourceTree = "<group>"; };
		B03ED7241B1C05900027F59B /* AFURLSessionManager.m */ = {isa = PBXFileReference; fileEncoding = 4; lastKnownFileType = sourcecode.c.objc; path = AFURLSessionManager.m; sourceTree = "<group>"; };
		B03ED73D1B1C07300027F59B /* SAWNetworkController.h */ = {isa = PBXFileReference; fileEncoding = 4; lastKnownFileType = sourcecode.c.h; path = SAWNetworkController.h; sourceTree = "<group>"; };
		B03ED73E1B1C07300027F59B /* SAWNetworkController.m */ = {isa = PBXFileReference; fileEncoding = 4; lastKnownFileType = sourcecode.c.objc; path = SAWNetworkController.m; sourceTree = "<group>"; };
		B03ED7461B1C0F190027F59B /* Info.plist */ = {isa = PBXFileReference; lastKnownFileType = text.plist.xml; path = Info.plist; sourceTree = "<group>"; };
		B03ED7481B1C11AA0027F59B /* SAWStageLevel+UI.h */ = {isa = PBXFileReference; fileEncoding = 4; lastKnownFileType = sourcecode.c.h; path = "SAWStageLevel+UI.h"; sourceTree = "<group>"; };
		B03ED7491B1C11AA0027F59B /* SAWStageLevel+UI.m */ = {isa = PBXFileReference; fileEncoding = 4; lastKnownFileType = sourcecode.c.objc; path = "SAWStageLevel+UI.m"; sourceTree = "<group>"; };
		B03ED7501B1D31B40027F59B /* SAWaterLevel WatchKit Extension.appex */ = {isa = PBXFileReference; explicitFileType = "wrapper.app-extension"; includeInIndex = 0; path = "SAWaterLevel WatchKit Extension.appex"; sourceTree = BUILT_PRODUCTS_DIR; };
		B03ED7531B1D31B40027F59B /* Info.plist */ = {isa = PBXFileReference; lastKnownFileType = text.plist.xml; path = Info.plist; sourceTree = "<group>"; };
		B03ED7541B1D31B40027F59B /* PushNotificationPayload.apns */ = {isa = PBXFileReference; lastKnownFileType = text; path = PushNotificationPayload.apns; sourceTree = "<group>"; };
		B03ED75B1B1D31B40027F59B /* Images.xcassets */ = {isa = PBXFileReference; lastKnownFileType = folder.assetcatalog; path = Images.xcassets; sourceTree = "<group>"; };
		B03ED75F1B1D31B40027F59B /* SAWaterLevel WatchKit App.app */ = {isa = PBXFileReference; explicitFileType = wrapper.application; includeInIndex = 0; path = "SAWaterLevel WatchKit App.app"; sourceTree = BUILT_PRODUCTS_DIR; };
		B03ED7651B1D31B50027F59B /* Info.plist */ = {isa = PBXFileReference; lastKnownFileType = text.plist.xml; path = Info.plist; sourceTree = "<group>"; };
		B03ED7671B1D31B50027F59B /* Base */ = {isa = PBXFileReference; lastKnownFileType = file.storyboard; name = Base; path = Base.lproj/Interface.storyboard; sourceTree = "<group>"; };
		B03ED7691B1D31B50027F59B /* Images.xcassets */ = {isa = PBXFileReference; lastKnownFileType = folder.assetcatalog; path = Images.xcassets; sourceTree = "<group>"; };
		B03ED7761B1D36510027F59B /* SAWGlanceInterfaceController.h */ = {isa = PBXFileReference; fileEncoding = 4; lastKnownFileType = sourcecode.c.h; path = SAWGlanceInterfaceController.h; sourceTree = "<group>"; };
		B03ED7771B1D36510027F59B /* SAWGlanceInterfaceController.m */ = {isa = PBXFileReference; fileEncoding = 4; lastKnownFileType = sourcecode.c.objc; path = SAWGlanceInterfaceController.m; sourceTree = "<group>"; };
		B03ED7811B1D5A760027F59B /* SAWaterLevel WatchKit Extension.entitlements */ = {isa = PBXFileReference; lastKnownFileType = text.xml; name = "SAWaterLevel WatchKit Extension.entitlements"; path = "SAWaterLevel WatchKit Extension/SAWaterLevel WatchKit Extension.entitlements"; sourceTree = "<group>"; };
		B0466FD1197F5C50009E1FBC /* Settings.bundle */ = {isa = PBXFileReference; lastKnownFileType = "wrapper.plug-in"; path = Settings.bundle; sourceTree = "<group>"; };
		B09C39161970C9B9003F5BA8 /* MapKit.framework */ = {isa = PBXFileReference; lastKnownFileType = wrapper.framework; name = MapKit.framework; path = System/Library/Frameworks/MapKit.framework; sourceTree = SDKROOT; };
		B09C391C19717D71003F5BA8 /* SAWRemindersViewController.h */ = {isa = PBXFileReference; fileEncoding = 4; lastKnownFileType = sourcecode.c.h; path = SAWRemindersViewController.h; sourceTree = "<group>"; };
		B09C391D19717D71003F5BA8 /* SAWRemindersViewController.m */ = {isa = PBXFileReference; fileEncoding = 4; lastKnownFileType = sourcecode.c.objc; path = SAWRemindersViewController.m; sourceTree = "<group>"; };
		B09C392219717F27003F5BA8 /* SAWCurrentLevelDataSource.h */ = {isa = PBXFileReference; fileEncoding = 4; lastKnownFileType = sourcecode.c.h; path = SAWCurrentLevelDataSource.h; sourceTree = "<group>"; };
		B09C392319717F27003F5BA8 /* SAWCurrentLevelDataSource.m */ = {isa = PBXFileReference; fileEncoding = 4; lastKnownFileType = sourcecode.c.objc; path = SAWCurrentLevelDataSource.m; sourceTree = "<group>"; };
		B09C3926197181C9003F5BA8 /* UIStoryboardSegue+TargetDestination.h */ = {isa = PBXFileReference; fileEncoding = 4; lastKnownFileType = sourcecode.c.h; path = "UIStoryboardSegue+TargetDestination.h"; sourceTree = "<group>"; };
		B09C3927197181C9003F5BA8 /* UIStoryboardSegue+TargetDestination.m */ = {isa = PBXFileReference; fileEncoding = 4; lastKnownFileType = sourcecode.c.objc; path = "UIStoryboardSegue+TargetDestination.m"; sourceTree = "<group>"; };
		B09C39441971963D003F5BA8 /* WebContent */ = {isa = PBXFileReference; lastKnownFileType = folder; path = WebContent; sourceTree = "<group>"; };
		B09C39461971C262003F5BA8 /* SAWLocalNotificationManager.h */ = {isa = PBXFileReference; fileEncoding = 4; lastKnownFileType = sourcecode.c.h; path = SAWLocalNotificationManager.h; sourceTree = "<group>"; };
		B09C39471971C262003F5BA8 /* SAWLocalNotificationManager.m */ = {isa = PBXFileReference; fileEncoding = 4; lastKnownFileType = sourcecode.c.objc; path = SAWLocalNotificationManager.m; sourceTree = "<group>"; };
		B09C39531972384D003F5BA8 /* SAWStageLevelTest.m */ = {isa = PBXFileReference; fileEncoding = 4; lastKnownFileType = sourcecode.c.objc; path = SAWStageLevelTest.m; sourceTree = "<group>"; };
		B09C39551972384D003F5BA8 /* SAWLocalNotificationManagerTest.m */ = {isa = PBXFileReference; fileEncoding = 4; lastKnownFileType = sourcecode.c.objc; path = SAWLocalNotificationManagerTest.m; sourceTree = "<group>"; };
		B09C395819735CF4003F5BA8 /* es */ = {isa = PBXFileReference; lastKnownFileType = text.plist.strings; name = es; path = es.lproj/InfoPlist.strings; sourceTree = "<group>"; };
		B0B8707A197CB97300F367FB /* SAWStageLevelDescrepencyEducationView.h */ = {isa = PBXFileReference; fileEncoding = 4; lastKnownFileType = sourcecode.c.h; path = SAWStageLevelDescrepencyEducationView.h; sourceTree = "<group>"; };
		B0B8707B197CB97300F367FB /* SAWStageLevelDescrepencyEducationView.m */ = {isa = PBXFileReference; fileEncoding = 4; lastKnownFileType = sourcecode.c.objc; path = SAWStageLevelDescrepencyEducationView.m; sourceTree = "<group>"; };
		B0C95A85193A4B0600A6F1FA /* SAWaterLevel.app */ = {isa = PBXFileReference; explicitFileType = wrapper.application; includeInIndex = 0; path = SAWaterLevel.app; sourceTree = BUILT_PRODUCTS_DIR; };
		B0C95A88193A4B0600A6F1FA /* Foundation.framework */ = {isa = PBXFileReference; lastKnownFileType = wrapper.framework; name = Foundation.framework; path = System/Library/Frameworks/Foundation.framework; sourceTree = SDKROOT; };
		B0C95A8A193A4B0600A6F1FA /* CoreGraphics.framework */ = {isa = PBXFileReference; lastKnownFileType = wrapper.framework; name = CoreGraphics.framework; path = System/Library/Frameworks/CoreGraphics.framework; sourceTree = SDKROOT; };
		B0C95A8C193A4B0600A6F1FA /* UIKit.framework */ = {isa = PBXFileReference; lastKnownFileType = wrapper.framework; name = UIKit.framework; path = System/Library/Frameworks/UIKit.framework; sourceTree = SDKROOT; };
		B0C95A90193A4B0600A6F1FA /* SAWaterLevel-Info.plist */ = {isa = PBXFileReference; lastKnownFileType = text.plist.xml; path = "SAWaterLevel-Info.plist"; sourceTree = "<group>"; };
		B0C95A92193A4B0600A6F1FA /* en */ = {isa = PBXFileReference; lastKnownFileType = text.plist.strings; name = en; path = en.lproj/InfoPlist.strings; sourceTree = "<group>"; };
		B0C95A94193A4B0600A6F1FA /* main.m */ = {isa = PBXFileReference; lastKnownFileType = sourcecode.c.objc; path = main.m; sourceTree = "<group>"; };
		B0C95A96193A4B0600A6F1FA /* SAWaterLevel-Prefix.pch */ = {isa = PBXFileReference; lastKnownFileType = sourcecode.c.h; path = "SAWaterLevel-Prefix.pch"; sourceTree = "<group>"; };
		B0C95A97193A4B0600A6F1FA /* SAWAppDelegate.h */ = {isa = PBXFileReference; lastKnownFileType = sourcecode.c.h; path = SAWAppDelegate.h; sourceTree = "<group>"; };
		B0C95A98193A4B0600A6F1FA /* SAWAppDelegate.m */ = {isa = PBXFileReference; lastKnownFileType = sourcecode.c.objc; path = SAWAppDelegate.m; sourceTree = "<group>"; };
		B0C95A9B193A4B0600A6F1FA /* Base */ = {isa = PBXFileReference; lastKnownFileType = file.storyboard; name = Base; path = Base.lproj/Main_iPhone.storyboard; sourceTree = "<group>"; };
		B0C95AA3193A4B0600A6F1FA /* Images.xcassets */ = {isa = PBXFileReference; lastKnownFileType = folder.assetcatalog; path = Images.xcassets; sourceTree = "<group>"; };
		B0C95AA9193A4B0600A6F1FA /* SAWaterLevelTests.xctest */ = {isa = PBXFileReference; explicitFileType = wrapper.cfbundle; includeInIndex = 0; path = SAWaterLevelTests.xctest; sourceTree = BUILT_PRODUCTS_DIR; };
		B0C95AAA193A4B0600A6F1FA /* XCTest.framework */ = {isa = PBXFileReference; lastKnownFileType = wrapper.framework; name = XCTest.framework; path = Library/Frameworks/XCTest.framework; sourceTree = DEVELOPER_DIR; };
		B0C95AB2193A4B0600A6F1FA /* SAWaterLevelTests-Info.plist */ = {isa = PBXFileReference; lastKnownFileType = text.plist.xml; path = "SAWaterLevelTests-Info.plist"; sourceTree = "<group>"; };
		B0C95AB4193A4B0600A6F1FA /* en */ = {isa = PBXFileReference; lastKnownFileType = text.plist.strings; name = en; path = en.lproj/InfoPlist.strings; sourceTree = "<group>"; };
		B0C95AEC193A531F00A6F1FA /* SAWCurrentLevelViewController.h */ = {isa = PBXFileReference; fileEncoding = 4; lastKnownFileType = sourcecode.c.h; path = SAWCurrentLevelViewController.h; sourceTree = "<group>"; };
		B0C95AED193A531F00A6F1FA /* SAWCurrentLevelViewController.m */ = {isa = PBXFileReference; fileEncoding = 4; lastKnownFileType = sourcecode.c.objc; path = SAWCurrentLevelViewController.m; sourceTree = "<group>"; };
		B0C95AEF193A5DFA00A6F1FA /* SAWLevelModel.h */ = {isa = PBXFileReference; fileEncoding = 4; lastKnownFileType = sourcecode.c.h; path = SAWLevelModel.h; sourceTree = "<group>"; };
		B0C95AF0193A5DFA00A6F1FA /* SAWLevelModel.m */ = {isa = PBXFileReference; fileEncoding = 4; lastKnownFileType = sourcecode.c.objc; path = SAWLevelModel.m; sourceTree = "<group>"; };
		B0C95AF3193A6AFD00A6F1FA /* SAWHeaderView.h */ = {isa = PBXFileReference; fileEncoding = 4; lastKnownFileType = sourcecode.c.h; path = SAWHeaderView.h; sourceTree = "<group>"; };
		B0C95AF4193A6AFD00A6F1FA /* SAWHeaderView.m */ = {isa = PBXFileReference; fileEncoding = 4; lastKnownFileType = sourcecode.c.objc; path = SAWHeaderView.m; sourceTree = "<group>"; };
		B0C95AF7193A721200A6F1FA /* SAWStageDetailsViewController.h */ = {isa = PBXFileReference; fileEncoding = 4; lastKnownFileType = sourcecode.c.h; path = SAWStageDetailsViewController.h; sourceTree = "<group>"; };
		B0C95AF8193A721200A6F1FA /* SAWStageDetailsViewController.m */ = {isa = PBXFileReference; fileEncoding = 4; lastKnownFileType = sourcecode.c.objc; path = SAWStageDetailsViewController.m; sourceTree = "<group>"; };
		B0C95B15193A815700A6F1FA /* TRModalTransition.h */ = {isa = PBXFileReference; fileEncoding = 4; lastKnownFileType = sourcecode.c.h; path = TRModalTransition.h; sourceTree = "<group>"; };
		B0C95B16193A815700A6F1FA /* TRModalTransition.m */ = {isa = PBXFileReference; fileEncoding = 4; lastKnownFileType = sourcecode.c.objc; path = TRModalTransition.m; sourceTree = "<group>"; };
		B0C95B20193B687800A6F1FA /* en */ = {isa = PBXFileReference; lastKnownFileType = text.plist.strings; name = en; path = en.lproj/Localizable.strings; sourceTree = "<group>"; };
		B0C95B22193B690400A6F1FA /* es */ = {isa = PBXFileReference; lastKnownFileType = text.plist.strings; name = es; path = es.lproj/Localizable.strings; sourceTree = "<group>"; };
/* End PBXFileReference section */

/* Begin PBXFrameworksBuildPhase section */
		B03ED6A71B1BF34B0027F59B /* Frameworks */ = {
			isa = PBXFrameworksBuildPhase;
			buildActionMask = 2147483647;
			files = (
				B03ED6F91B1BFFCE0027F59B /* SAWaterLevelCommon.framework in Frameworks */,
				B03ED6AC1B1BF34B0027F59B /* NotificationCenter.framework in Frameworks */,
			);
			runOnlyForDeploymentPostprocessing = 0;
		};
		B03ED6BD1B1BF7D60027F59B /* Frameworks */ = {
			isa = PBXFrameworksBuildPhase;
			buildActionMask = 2147483647;
			files = (
			);
			runOnlyForDeploymentPostprocessing = 0;
		};
		B03ED6C81B1BF7D60027F59B /* Frameworks */ = {
			isa = PBXFrameworksBuildPhase;
			buildActionMask = 2147483647;
			files = (
				B03ED6CC1B1BF7D60027F59B /* SAWaterLevelCommon.framework in Frameworks */,
			);
			runOnlyForDeploymentPostprocessing = 0;
		};
		B03ED74D1B1D31B40027F59B /* Frameworks */ = {
			isa = PBXFrameworksBuildPhase;
			buildActionMask = 2147483647;
			files = (
				B03ED77B1B1D36640027F59B /* SAWaterLevelCommon.framework in Frameworks */,
			);
			runOnlyForDeploymentPostprocessing = 0;
		};
		B0C95A82193A4B0600A6F1FA /* Frameworks */ = {
			isa = PBXFrameworksBuildPhase;
			buildActionMask = 2147483647;
			files = (
				B0C95A8B193A4B0600A6F1FA /* CoreGraphics.framework in Frameworks */,
				B03ED6D81B1BF7D70027F59B /* SAWaterLevelCommon.framework in Frameworks */,
				B0C95A8D193A4B0600A6F1FA /* UIKit.framework in Frameworks */,
				B09C39171970C9B9003F5BA8 /* MapKit.framework in Frameworks */,
				B0C95A89193A4B0600A6F1FA /* Foundation.framework in Frameworks */,
			);
			runOnlyForDeploymentPostprocessing = 0;
		};
		B0C95AA6193A4B0600A6F1FA /* Frameworks */ = {
			isa = PBXFrameworksBuildPhase;
			buildActionMask = 2147483647;
			files = (
				B0C95AAB193A4B0600A6F1FA /* XCTest.framework in Frameworks */,
				B0C95AAD193A4B0600A6F1FA /* UIKit.framework in Frameworks */,
				B0C95AAC193A4B0600A6F1FA /* Foundation.framework in Frameworks */,
			);
			runOnlyForDeploymentPostprocessing = 0;
		};
/* End PBXFrameworksBuildPhase section */

/* Begin PBXGroup section */
		B01E285E1B2E48FC009EE936 /* NSDate+TimeAgo */ = {
			isa = PBXGroup;
			children = (
				B01E285F1B2E48FC009EE936 /* NSDate+TimeAgo.h */,
				B01E28601B2E48FC009EE936 /* NSDate+TimeAgo.m */,
			);
			path = "NSDate+TimeAgo";
			sourceTree = "<group>";
		};
		B03ED6AD1B1BF34B0027F59B /* SAWaterTodayWidget */ = {
			isa = PBXGroup;
			children = (
				B03ED6E21B1BFAD60027F59B /* SAWaterTodayWidget.entitlements */,
				B03ED6B01B1BF34B0027F59B /* TodayViewController.h */,
				B03ED6B11B1BF34B0027F59B /* TodayViewController.m */,
				B03ED6B31B1BF34B0027F59B /* MainInterface.storyboard */,
				B03ED6AE1B1BF34B0027F59B /* Supporting Files */,
			);
			path = SAWaterTodayWidget;
			sourceTree = "<group>";
		};
		B03ED6AE1B1BF34B0027F59B /* Supporting Files */ = {
			isa = PBXGroup;
			children = (
				B03ED6AF1B1BF34B0027F59B /* Info.plist */,
			);
			name = "Supporting Files";
			sourceTree = "<group>";
		};
		B03ED6C21B1BF7D60027F59B /* SAWaterLevelCommon */ = {
			isa = PBXGroup;
			children = (
				B03ED6E31B1BFBB70027F59B /* Model */,
				B03ED7381B1C05970027F59B /* Networking */,
				B03ED7101B1C05900027F59B /* Third Party */,
				B03ED7471B1C119F0027F59B /* UI */,
				B03ED6C51B1BF7D60027F59B /* SAWaterLevelCommon.h */,
				B03ED6C31B1BF7D60027F59B /* Supporting Files */,
			);
			path = SAWaterLevelCommon;
			sourceTree = "<group>";
		};
		B03ED6C31B1BF7D60027F59B /* Supporting Files */ = {
			isa = PBXGroup;
			children = (
				B03ED7461B1C0F190027F59B /* Info.plist */,
			);
			name = "Supporting Files";
			sourceTree = "<group>";
		};
		B03ED6D11B1BF7D70027F59B /* SAWaterLevelCommonTests */ = {
			isa = PBXGroup;
			children = (
				B03ED6D41B1BF7D70027F59B /* SAWaterLevelCommonTests.m */,
				B03ED6D21B1BF7D70027F59B /* Supporting Files */,
			);
			path = SAWaterLevelCommonTests;
			sourceTree = "<group>";
		};
		B03ED6D21B1BF7D70027F59B /* Supporting Files */ = {
			isa = PBXGroup;
			children = (
				B03ED6D31B1BF7D70027F59B /* Info.plist */,
			);
			name = "Supporting Files";
			sourceTree = "<group>";
		};
		B03ED6E31B1BFBB70027F59B /* Model */ = {
			isa = PBXGroup;
			children = (
				B03ED6E41B1BFBB70027F59B /* SAWConstants.h */,
				B03ED6E51B1BFBB70027F59B /* SAWConstants.m */,
				B03ED6E61B1BFBB70027F59B /* SAWDataController.h */,
				B03ED6E71B1BFBB70027F59B /* SAWDataController.m */,
				B03ED6E81B1BFBB70027F59B /* SAWIrrigationSchedule.h */,
				B03ED6E91B1BFBB70027F59B /* SAWIrrigationSchedule.m */,
				B03ED6EA1B1BFBB70027F59B /* SAWStageLevel.h */,
				B03ED6EB1B1BFBB70027F59B /* SAWStageLevel.m */,
				B03ED6EC1B1BFBB70027F59B /* SAWWaterLevel.h */,
				B03ED6ED1B1BFBB70027F59B /* SAWWaterLevel.m */,
			);
			path = Model;
			sourceTree = "<group>";
		};
		B03ED7101B1C05900027F59B /* Third Party */ = {
			isa = PBXGroup;
			children = (
				B03ED7111B1C05900027F59B /* AFNetworking */,
				B01E285E1B2E48FC009EE936 /* NSDate+TimeAgo */,
			);
			path = "Third Party";
			sourceTree = "<group>";
		};
		B03ED7111B1C05900027F59B /* AFNetworking */ = {
			isa = PBXGroup;
			children = (
				B03ED7121B1C05900027F59B /* AFHTTPRequestOperation.h */,
				B03ED7131B1C05900027F59B /* AFHTTPRequestOperation.m */,
				B03ED7141B1C05900027F59B /* AFHTTPRequestOperationManager.h */,
				B03ED7151B1C05900027F59B /* AFHTTPRequestOperationManager.m */,
				B03ED7161B1C05900027F59B /* AFHTTPSessionManager.h */,
				B03ED7171B1C05900027F59B /* AFHTTPSessionManager.m */,
				B03ED7181B1C05900027F59B /* AFNetworking.h */,
				B03ED7191B1C05900027F59B /* AFNetworkReachabilityManager.h */,
				B03ED71A1B1C05900027F59B /* AFNetworkReachabilityManager.m */,
				B03ED71B1B1C05900027F59B /* AFSecurityPolicy.h */,
				B03ED71C1B1C05900027F59B /* AFSecurityPolicy.m */,
				B03ED71D1B1C05900027F59B /* AFURLConnectionOperation.h */,
				B03ED71E1B1C05900027F59B /* AFURLConnectionOperation.m */,
				B03ED71F1B1C05900027F59B /* AFURLRequestSerialization.h */,
				B03ED7201B1C05900027F59B /* AFURLRequestSerialization.m */,
				B03ED7211B1C05900027F59B /* AFURLResponseSerialization.h */,
				B03ED7221B1C05900027F59B /* AFURLResponseSerialization.m */,
				B03ED7231B1C05900027F59B /* AFURLSessionManager.h */,
				B03ED7241B1C05900027F59B /* AFURLSessionManager.m */,
			);
			path = AFNetworking;
			sourceTree = "<group>";
		};
		B03ED7381B1C05970027F59B /* Networking */ = {
			isa = PBXGroup;
			children = (
				B03ED73D1B1C07300027F59B /* SAWNetworkController.h */,
				B03ED73E1B1C07300027F59B /* SAWNetworkController.m */,
			);
			path = Networking;
			sourceTree = "<group>";
		};
		B03ED7471B1C119F0027F59B /* UI */ = {
			isa = PBXGroup;
			children = (
				B03ED7481B1C11AA0027F59B /* SAWStageLevel+UI.h */,
				B03ED7491B1C11AA0027F59B /* SAWStageLevel+UI.m */,
			);
			path = UI;
			sourceTree = "<group>";
		};
		B03ED7511B1D31B40027F59B /* SAWaterLevel WatchKit Extension */ = {
			isa = PBXGroup;
			children = (
				B03ED75B1B1D31B40027F59B /* Images.xcassets */,
				B03ED7521B1D31B40027F59B /* Supporting Files */,
				B03ED7761B1D36510027F59B /* SAWGlanceInterfaceController.h */,
				B03ED7771B1D36510027F59B /* SAWGlanceInterfaceController.m */,
				B01E28691B32513E009EE936 /* SAWNotificationInterfaceController.h */,
				B01E286A1B32513E009EE936 /* SAWNotificationInterfaceController.m */,
			);
			path = "SAWaterLevel WatchKit Extension";
			sourceTree = "<group>";
		};
		B03ED7521B1D31B40027F59B /* Supporting Files */ = {
			isa = PBXGroup;
			children = (
				B03ED7531B1D31B40027F59B /* Info.plist */,
				B03ED7541B1D31B40027F59B /* PushNotificationPayload.apns */,
			);
			name = "Supporting Files";
			sourceTree = "<group>";
		};
		B03ED7631B1D31B50027F59B /* SAWaterLevel WatchKit App */ = {
			isa = PBXGroup;
			children = (
				B03ED7661B1D31B50027F59B /* Interface.storyboard */,
				B03ED7691B1D31B50027F59B /* Images.xcassets */,
				B03ED7641B1D31B50027F59B /* Supporting Files */,
			);
			path = "SAWaterLevel WatchKit App";
			sourceTree = "<group>";
		};
		B03ED7641B1D31B50027F59B /* Supporting Files */ = {
			isa = PBXGroup;
			children = (
				B03ED7651B1D31B50027F59B /* Info.plist */,
			);
			name = "Supporting Files";
			sourceTree = "<group>";
		};
		B03ED7741B1D31CA0027F59B /* Watch */ = {
			isa = PBXGroup;
			children = (
				B03ED7511B1D31B40027F59B /* SAWaterLevel WatchKit Extension */,
				B03ED7631B1D31B50027F59B /* SAWaterLevel WatchKit App */,
			);
			name = Watch;
			sourceTree = "<group>";
		};
		B03ED7751B1D31D40027F59B /* Today Widget */ = {
			isa = PBXGroup;
			children = (
				B03ED6AD1B1BF34B0027F59B /* SAWaterTodayWidget */,
			);
			name = "Today Widget";
			sourceTree = "<group>";
		};
		B09C391B19717D71003F5BA8 /* Reminders */ = {
			isa = PBXGroup;
			children = (
				B09C391C19717D71003F5BA8 /* SAWRemindersViewController.h */,
				B09C391D19717D71003F5BA8 /* SAWRemindersViewController.m */,
				B09C39461971C262003F5BA8 /* SAWLocalNotificationManager.h */,
				B09C39471971C262003F5BA8 /* SAWLocalNotificationManager.m */,
			);
			path = Reminders;
			sourceTree = "<group>";
		};
		B09C3925197181B9003F5BA8 /* Categories */ = {
			isa = PBXGroup;
			children = (
				B09C3926197181C9003F5BA8 /* UIStoryboardSegue+TargetDestination.h */,
				B09C3927197181C9003F5BA8 /* UIStoryboardSegue+TargetDestination.m */,
			);
			path = Categories;
			sourceTree = "<group>";
		};
		B09C39511972384D003F5BA8 /* SAWaterLevel */ = {
			isa = PBXGroup;
			children = (
				B09C39521972384D003F5BA8 /* Model */,
				B09C39541972384D003F5BA8 /* Reminders */,
			);
			path = SAWaterLevel;
			sourceTree = "<group>";
		};
		B09C39521972384D003F5BA8 /* Model */ = {
			isa = PBXGroup;
			children = (
				B09C39531972384D003F5BA8 /* SAWStageLevelTest.m */,
			);
			path = Model;
			sourceTree = "<group>";
		};
		B09C39541972384D003F5BA8 /* Reminders */ = {
			isa = PBXGroup;
			children = (
				B09C39551972384D003F5BA8 /* SAWLocalNotificationManagerTest.m */,
			);
			path = Reminders;
			sourceTree = "<group>";
		};
		B0C95A7C193A4B0600A6F1FA = {
			isa = PBXGroup;
			children = (
				B03ED7811B1D5A760027F59B /* SAWaterLevel WatchKit Extension.entitlements */,
				B0C95A8E193A4B0600A6F1FA /* SAWaterLevel */,
				B03ED7751B1D31D40027F59B /* Today Widget */,
				B03ED7741B1D31CA0027F59B /* Watch */,
				B03ED6C21B1BF7D60027F59B /* SAWaterLevelCommon */,
				B0C95AB0193A4B0600A6F1FA /* SAWaterLevelTests */,
				B03ED6D11B1BF7D70027F59B /* SAWaterLevelCommonTests */,
				B0C95A87193A4B0600A6F1FA /* Frameworks */,
				B0C95A86193A4B0600A6F1FA /* Products */,
			);
			sourceTree = "<group>";
		};
		B0C95A86193A4B0600A6F1FA /* Products */ = {
			isa = PBXGroup;
			children = (
				B0C95A85193A4B0600A6F1FA /* SAWaterLevel.app */,
				B0C95AA9193A4B0600A6F1FA /* SAWaterLevelTests.xctest */,
				B03ED6AA1B1BF34B0027F59B /* SAWaterTodayWidget.appex */,
				B03ED6C11B1BF7D60027F59B /* SAWaterLevelCommon.framework */,
				B03ED6CB1B1BF7D60027F59B /* SAWaterLevelCommonTests.xctest */,
				B03ED7501B1D31B40027F59B /* SAWaterLevel WatchKit Extension.appex */,
				B03ED75F1B1D31B40027F59B /* SAWaterLevel WatchKit App.app */,
			);
			name = Products;
			sourceTree = "<group>";
		};
		B0C95A87193A4B0600A6F1FA /* Frameworks */ = {
			isa = PBXGroup;
			children = (
				B09C39161970C9B9003F5BA8 /* MapKit.framework */,
				B0C95A88193A4B0600A6F1FA /* Foundation.framework */,
				B0C95A8A193A4B0600A6F1FA /* CoreGraphics.framework */,
				B0C95A8C193A4B0600A6F1FA /* UIKit.framework */,
				B0C95AAA193A4B0600A6F1FA /* XCTest.framework */,
				B03ED6AB1B1BF34B0027F59B /* NotificationCenter.framework */,
			);
			name = Frameworks;
			sourceTree = "<group>";
		};
		B0C95A8E193A4B0600A6F1FA /* SAWaterLevel */ = {
			isa = PBXGroup;
			children = (
				B03ED6E11B1BFA980027F59B /* SAWaterLevel.entitlements */,
				B09C3925197181B9003F5BA8 /* Categories */,
				B0C95AEB193A530400A6F1FA /* Current Level */,
				B09C391B19717D71003F5BA8 /* Reminders */,
				B0C95B13193A815700A6F1FA /* Transitions */,
				B0C95A97193A4B0600A6F1FA /* SAWAppDelegate.h */,
				B0C95A98193A4B0600A6F1FA /* SAWAppDelegate.m */,
				B0C95A9A193A4B0600A6F1FA /* Main_iPhone.storyboard */,
				B0C95AA3193A4B0600A6F1FA /* Images.xcassets */,
				B0C95A8F193A4B0600A6F1FA /* Supporting Files */,
			);
			path = SAWaterLevel;
			sourceTree = "<group>";
		};
		B0C95A8F193A4B0600A6F1FA /* Supporting Files */ = {
			isa = PBXGroup;
			children = (
				B0466FD1197F5C50009E1FBC /* Settings.bundle */,
				B0C95A90193A4B0600A6F1FA /* SAWaterLevel-Info.plist */,
				B0C95A91193A4B0600A6F1FA /* InfoPlist.strings */,
				B0C95A94193A4B0600A6F1FA /* main.m */,
				B0C95A96193A4B0600A6F1FA /* SAWaterLevel-Prefix.pch */,
				B0C95B21193B687800A6F1FA /* Localizable.strings */,
			);
			name = "Supporting Files";
			sourceTree = "<group>";
		};
		B0C95AB0193A4B0600A6F1FA /* SAWaterLevelTests */ = {
			isa = PBXGroup;
			children = (
				B09C39511972384D003F5BA8 /* SAWaterLevel */,
				B0C95AB1193A4B0600A6F1FA /* Supporting Files */,
			);
			path = SAWaterLevelTests;
			sourceTree = "<group>";
		};
		B0C95AB1193A4B0600A6F1FA /* Supporting Files */ = {
			isa = PBXGroup;
			children = (
				B0C95AB2193A4B0600A6F1FA /* SAWaterLevelTests-Info.plist */,
				B0C95AB3193A4B0600A6F1FA /* InfoPlist.strings */,
			);
			name = "Supporting Files";
			sourceTree = "<group>";
		};
		B0C95AEB193A530400A6F1FA /* Current Level */ = {
			isa = PBXGroup;
			children = (
				B0C95AF6193A71FD00A6F1FA /* Stage Details */,
				B09C392219717F27003F5BA8 /* SAWCurrentLevelDataSource.h */,
				B09C392319717F27003F5BA8 /* SAWCurrentLevelDataSource.m */,
				B0C95AEC193A531F00A6F1FA /* SAWCurrentLevelViewController.h */,
				B0C95AED193A531F00A6F1FA /* SAWCurrentLevelViewController.m */,
				B0C95AF3193A6AFD00A6F1FA /* SAWHeaderView.h */,
				B0C95AF4193A6AFD00A6F1FA /* SAWHeaderView.m */,
				B0C95AEF193A5DFA00A6F1FA /* SAWLevelModel.h */,
				B0C95AF0193A5DFA00A6F1FA /* SAWLevelModel.m */,
				B0B8707A197CB97300F367FB /* SAWStageLevelDescrepencyEducationView.h */,
				B0B8707B197CB97300F367FB /* SAWStageLevelDescrepencyEducationView.m */,
			);
			path = "Current Level";
			sourceTree = "<group>";
		};
		B0C95AF6193A71FD00A6F1FA /* Stage Details */ = {
			isa = PBXGroup;
			children = (
				B09C39441971963D003F5BA8 /* WebContent */,
				B0C95AF7193A721200A6F1FA /* SAWStageDetailsViewController.h */,
				B0C95AF8193A721200A6F1FA /* SAWStageDetailsViewController.m */,
			);
			path = "Stage Details";
			sourceTree = "<group>";
		};
		B0C95B13193A815700A6F1FA /* Transitions */ = {
			isa = PBXGroup;
			children = (
				B0C95B14193A815700A6F1FA /* Modal */,
			);
			path = Transitions;
			sourceTree = "<group>";
		};
		B0C95B14193A815700A6F1FA /* Modal */ = {
			isa = PBXGroup;
			children = (
				B0C95B15193A815700A6F1FA /* TRModalTransition.h */,
				B0C95B16193A815700A6F1FA /* TRModalTransition.m */,
			);
			path = Modal;
			sourceTree = "<group>";
		};
/* End PBXGroup section */

/* Begin PBXHeadersBuildPhase section */
		B03ED6BE1B1BF7D60027F59B /* Headers */ = {
			isa = PBXHeadersBuildPhase;
			buildActionMask = 2147483647;
			files = (
				B03ED6EE1B1BFBB70027F59B /* SAWConstants.h in Headers */,
				B03ED7781B1D36510027F59B /* SAWGlanceInterfaceController.h in Headers */,
				B03ED7301B1C05900027F59B /* AFURLConnectionOperation.h in Headers */,
				B03ED7321B1C05900027F59B /* AFURLRequestSerialization.h in Headers */,
				B03ED7271B1C05900027F59B /* AFHTTPRequestOperationManager.h in Headers */,
				B03ED7361B1C05900027F59B /* AFURLSessionManager.h in Headers */,
				B03ED6F21B1BFBB70027F59B /* SAWIrrigationSchedule.h in Headers */,
				B03ED72E1B1C05900027F59B /* AFSecurityPolicy.h in Headers */,
				B03ED6F41B1BFBB70027F59B /* SAWStageLevel.h in Headers */,
				B03ED7251B1C05900027F59B /* AFHTTPRequestOperation.h in Headers */,
				B01E28611B2E48FC009EE936 /* NSDate+TimeAgo.h in Headers */,
				B03ED6F01B1BFBB70027F59B /* SAWDataController.h in Headers */,
				B03ED7341B1C05900027F59B /* AFURLResponseSerialization.h in Headers */,
				B03ED6C61B1BF7D60027F59B /* SAWaterLevelCommon.h in Headers */,
				B03ED74A1B1C11AA0027F59B /* SAWStageLevel+UI.h in Headers */,
				B03ED73F1B1C07300027F59B /* SAWNetworkController.h in Headers */,
				B03ED6F61B1BFBB70027F59B /* SAWWaterLevel.h in Headers */,
				B03ED7291B1C05900027F59B /* AFHTTPSessionManager.h in Headers */,
				B03ED72B1B1C05900027F59B /* AFNetworking.h in Headers */,
				B03ED72C1B1C05900027F59B /* AFNetworkReachabilityManager.h in Headers */,
			);
			runOnlyForDeploymentPostprocessing = 0;
		};
/* End PBXHeadersBuildPhase section */

/* Begin PBXNativeTarget section */
		B03ED6A91B1BF34B0027F59B /* SAWaterTodayWidget */ = {
			isa = PBXNativeTarget;
			buildConfigurationList = B03ED6B81B1BF34B0027F59B /* Build configuration list for PBXNativeTarget "SAWaterTodayWidget" */;
			buildPhases = (
				B03ED6A61B1BF34B0027F59B /* Sources */,
				B03ED6A71B1BF34B0027F59B /* Frameworks */,
				B03ED6A81B1BF34B0027F59B /* Resources */,
			);
			buildRules = (
			);
			dependencies = (
			);
			name = SAWaterTodayWidget;
			productName = SAWaterTodayWidget;
			productReference = B03ED6AA1B1BF34B0027F59B /* SAWaterTodayWidget.appex */;
			productType = "com.apple.product-type.app-extension";
		};
		B03ED6C01B1BF7D60027F59B /* SAWaterLevelCommon */ = {
			isa = PBXNativeTarget;
			buildConfigurationList = B03ED6DA1B1BF7D70027F59B /* Build configuration list for PBXNativeTarget "SAWaterLevelCommon" */;
			buildPhases = (
				B03ED6BC1B1BF7D60027F59B /* Sources */,
				B03ED6BD1B1BF7D60027F59B /* Frameworks */,
				B03ED6BE1B1BF7D60027F59B /* Headers */,
				B03ED6BF1B1BF7D60027F59B /* Resources */,
			);
			buildRules = (
			);
			dependencies = (
			);
			name = SAWaterLevelCommon;
			productName = SAWaterLevelCommon;
			productReference = B03ED6C11B1BF7D60027F59B /* SAWaterLevelCommon.framework */;
			productType = "com.apple.product-type.framework";
		};
		B03ED6CA1B1BF7D60027F59B /* SAWaterLevelCommonTests */ = {
			isa = PBXNativeTarget;
			buildConfigurationList = B03ED6DE1B1BF7D70027F59B /* Build configuration list for PBXNativeTarget "SAWaterLevelCommonTests" */;
			buildPhases = (
				B03ED6C71B1BF7D60027F59B /* Sources */,
				B03ED6C81B1BF7D60027F59B /* Frameworks */,
				B03ED6C91B1BF7D60027F59B /* Resources */,
			);
			buildRules = (
			);
			dependencies = (
				B03ED6CE1B1BF7D60027F59B /* PBXTargetDependency */,
				B03ED6D01B1BF7D70027F59B /* PBXTargetDependency */,
			);
			name = SAWaterLevelCommonTests;
			productName = SAWaterLevelCommonTests;
			productReference = B03ED6CB1B1BF7D60027F59B /* SAWaterLevelCommonTests.xctest */;
			productType = "com.apple.product-type.bundle.unit-test";
		};
		B03ED74F1B1D31B40027F59B /* SAWaterLevel WatchKit Extension */ = {
			isa = PBXNativeTarget;
			buildConfigurationList = B03ED7711B1D31B50027F59B /* Build configuration list for PBXNativeTarget "SAWaterLevel WatchKit Extension" */;
			buildPhases = (
				B03ED74C1B1D31B40027F59B /* Sources */,
				B03ED74D1B1D31B40027F59B /* Frameworks */,
				B03ED74E1B1D31B40027F59B /* Resources */,
			);
			buildRules = (
			);
			dependencies = (
				B03ED7621B1D31B50027F59B /* PBXTargetDependency */,
			);
			name = "SAWaterLevel WatchKit Extension";
			productName = "SAWaterLevel WatchKit Extension";
			productReference = B03ED7501B1D31B40027F59B /* SAWaterLevel WatchKit Extension.appex */;
			productType = "com.apple.product-type.watchkit-extension";
		};
		B03ED75E1B1D31B40027F59B /* SAWaterLevel WatchKit App */ = {
			isa = PBXNativeTarget;
			buildConfigurationList = B03ED76E1B1D31B50027F59B /* Build configuration list for PBXNativeTarget "SAWaterLevel WatchKit App" */;
			buildPhases = (
				B03ED75D1B1D31B40027F59B /* Resources */,
			);
			buildRules = (
			);
			dependencies = (
			);
			name = "SAWaterLevel WatchKit App";
			productName = "SAWaterLevel WatchKit App";
			productReference = B03ED75F1B1D31B40027F59B /* SAWaterLevel WatchKit App.app */;
			productType = "com.apple.product-type.application.watchapp";
		};
		B0C95A84193A4B0600A6F1FA /* SAWaterLevel */ = {
			isa = PBXNativeTarget;
			buildConfigurationList = B0C95ABA193A4B0600A6F1FA /* Build configuration list for PBXNativeTarget "SAWaterLevel" */;
			buildPhases = (
				B0466FD8197F5D12009E1FBC /* Synchronize Build Version */,
				B0C95A81193A4B0600A6F1FA /* Sources */,
				B0C95A82193A4B0600A6F1FA /* Frameworks */,
				B0C95A83193A4B0600A6F1FA /* Resources */,
				B03ED6BB1B1BF34B0027F59B /* Embed App Extensions */,
				B03ED6DD1B1BF7D70027F59B /* Embed Frameworks */,
			);
			buildRules = (
			);
			dependencies = (
				B03ED6B61B1BF34B0027F59B /* PBXTargetDependency */,
				B03ED6D71B1BF7D70027F59B /* PBXTargetDependency */,
				B03ED76C1B1D31B50027F59B /* PBXTargetDependency */,
			);
			name = SAWaterLevel;
			productName = SAWaterLevel;
			productReference = B0C95A85193A4B0600A6F1FA /* SAWaterLevel.app */;
			productType = "com.apple.product-type.application";
		};
		B0C95AA8193A4B0600A6F1FA /* SAWaterLevelTests */ = {
			isa = PBXNativeTarget;
			buildConfigurationList = B0C95ABD193A4B0600A6F1FA /* Build configuration list for PBXNativeTarget "SAWaterLevelTests" */;
			buildPhases = (
				B0C95AA5193A4B0600A6F1FA /* Sources */,
				B0C95AA6193A4B0600A6F1FA /* Frameworks */,
				B0C95AA7193A4B0600A6F1FA /* Resources */,
			);
			buildRules = (
			);
			dependencies = (
				B0C95AAF193A4B0600A6F1FA /* PBXTargetDependency */,
			);
			name = SAWaterLevelTests;
			productName = SAWaterLevelTests;
			productReference = B0C95AA9193A4B0600A6F1FA /* SAWaterLevelTests.xctest */;
			productType = "com.apple.product-type.bundle.unit-test";
		};
/* End PBXNativeTarget section */

/* Begin PBXProject section */
		B0C95A7D193A4B0600A6F1FA /* Project object */ = {
			isa = PBXProject;
			attributes = {
				CLASSPREFIX = SAW;
				LastUpgradeCheck = 0510;
				ORGANIZATIONNAME = "Wayne Hartman";
				TargetAttributes = {
					B03ED6A91B1BF34B0027F59B = {
						CreatedOnToolsVersion = 6.3.1;
						DevelopmentTeam = R937YBPA22;
						SystemCapabilities = {
							com.apple.ApplicationGroups.iOS = {
								enabled = 1;
							};
						};
					};
					B03ED6C01B1BF7D60027F59B = {
						CreatedOnToolsVersion = 6.3.1;
					};
					B03ED6CA1B1BF7D60027F59B = {
						CreatedOnToolsVersion = 6.3.1;
						TestTargetID = B0C95A84193A4B0600A6F1FA;
					};
					B03ED74F1B1D31B40027F59B = {
						CreatedOnToolsVersion = 6.3.1;
						DevelopmentTeam = R937YBPA22;
						SystemCapabilities = {
							com.apple.ApplicationGroups.iOS = {
								enabled = 1;
							};
						};
					};
					B03ED75E1B1D31B40027F59B = {
						CreatedOnToolsVersion = 6.3.1;
						DevelopmentTeam = R937YBPA22;
					};
					B0C95A84193A4B0600A6F1FA = {
						DevelopmentTeam = R937YBPA22;
						SystemCapabilities = {
							com.apple.ApplicationGroups.iOS = {
								enabled = 1;
							};
							com.apple.BackgroundModes = {
								enabled = 1;
							};
							com.apple.iOS = {
								enabled = 1;
							};
						};
					};
					B0C95AA8193A4B0600A6F1FA = {
						TestTargetID = B0C95A84193A4B0600A6F1FA;
					};
				};
			};
			buildConfigurationList = B0C95A80193A4B0600A6F1FA /* Build configuration list for PBXProject "SAWaterLevel" */;
			compatibilityVersion = "Xcode 3.2";
			developmentRegion = English;
			hasScannedForEncodings = 0;
			knownRegions = (
				en,
				Base,
				es,
			);
			mainGroup = B0C95A7C193A4B0600A6F1FA;
			productRefGroup = B0C95A86193A4B0600A6F1FA /* Products */;
			projectDirPath = "";
			projectRoot = "";
			targets = (
				B0C95A84193A4B0600A6F1FA /* SAWaterLevel */,
				B0C95AA8193A4B0600A6F1FA /* SAWaterLevelTests */,
				B03ED6A91B1BF34B0027F59B /* SAWaterTodayWidget */,
				B03ED6C01B1BF7D60027F59B /* SAWaterLevelCommon */,
				B03ED6CA1B1BF7D60027F59B /* SAWaterLevelCommonTests */,
				B03ED74F1B1D31B40027F59B /* SAWaterLevel WatchKit Extension */,
				B03ED75E1B1D31B40027F59B /* SAWaterLevel WatchKit App */,
			);
		};
/* End PBXProject section */

/* Begin PBXResourcesBuildPhase section */
		B03ED6A81B1BF34B0027F59B /* Resources */ = {
			isa = PBXResourcesBuildPhase;
			buildActionMask = 2147483647;
			files = (
				B03ED6B41B1BF34B0027F59B /* MainInterface.storyboard in Resources */,
				B03ED7891B1D609B0027F59B /* InfoPlist.strings in Resources */,
				B03ED77E1B1D572A0027F59B /* Localizable.strings in Resources */,
			);
			runOnlyForDeploymentPostprocessing = 0;
		};
		B03ED6BF1B1BF7D60027F59B /* Resources */ = {
			isa = PBXResourcesBuildPhase;
			buildActionMask = 2147483647;
			files = (
				B01E28631B2E75F0009EE936 /* Localizable.strings in Resources */,
			);
			runOnlyForDeploymentPostprocessing = 0;
		};
		B03ED6C91B1BF7D60027F59B /* Resources */ = {
			isa = PBXResourcesBuildPhase;
			buildActionMask = 2147483647;
			files = (
			);
			runOnlyForDeploymentPostprocessing = 0;
		};
		B03ED74E1B1D31B40027F59B /* Resources */ = {
			isa = PBXResourcesBuildPhase;
			buildActionMask = 2147483647;
			files = (
				B03ED75C1B1D31B40027F59B /* Images.xcassets in Resources */,
				B03ED78A1B1D609F0027F59B /* InfoPlist.strings in Resources */,
				B03ED77F1B1D572C0027F59B /* Localizable.strings in Resources */,
				B03ED7601B1D31B50027F59B /* SAWaterLevel WatchKit App.app in Resources */,
			);
			runOnlyForDeploymentPostprocessing = 0;
		};
		B03ED75D1B1D31B40027F59B /* Resources */ = {
			isa = PBXResourcesBuildPhase;
			buildActionMask = 2147483647;
			files = (
				B03ED7681B1D31B50027F59B /* Interface.storyboard in Resources */,
				B03ED7801B1D57300027F59B /* Localizable.strings in Resources */,
				B03ED76A1B1D31B50027F59B /* Images.xcassets in Resources */,
			);
			runOnlyForDeploymentPostprocessing = 0;
		};
		B0C95A83193A4B0600A6F1FA /* Resources */ = {
			isa = PBXResourcesBuildPhase;
			buildActionMask = 2147483647;
			files = (
				B0C95B1F193B687800A6F1FA /* Localizable.strings in Resources */,
				B0C95AA4193A4B0600A6F1FA /* Images.xcassets in Resources */,
				B09C39451971963D003F5BA8 /* WebContent in Resources */,
				B0C95A9C193A4B0600A6F1FA /* Main_iPhone.storyboard in Resources */,
				B0466FD2197F5C50009E1FBC /* Settings.bundle in Resources */,
				B0C95A93193A4B0600A6F1FA /* InfoPlist.strings in Resources */,
			);
			runOnlyForDeploymentPostprocessing = 0;
		};
		B0C95AA7193A4B0600A6F1FA /* Resources */ = {
			isa = PBXResourcesBuildPhase;
			buildActionMask = 2147483647;
			files = (
				B0C95AB5193A4B0600A6F1FA /* InfoPlist.strings in Resources */,
			);
			runOnlyForDeploymentPostprocessing = 0;
		};
/* End PBXResourcesBuildPhase section */

/* Begin PBXShellScriptBuildPhase section */
		B0466FD8197F5D12009E1FBC /* Synchronize Build Version */ = {
			isa = PBXShellScriptBuildPhase;
			buildActionMask = 2147483647;
			files = (
			);
			inputPaths = (
			);
			name = "Synchronize Build Version";
			outputPaths = (
			);
			runOnlyForDeploymentPostprocessing = 0;
			shellPath = /bin/sh;
			shellScript = "version=`/usr/libexec/PlistBuddy -c \"Print CFBundleShortVersionString\" \"$SRCROOT/SAWaterLevel/SAWaterLevel-Info.plist\"`\n\n/usr/libexec/PlistBuddy \"$SRCROOT/SAWaterLevel/Settings.bundle/Root.plist\" -c \"set PreferenceSpecifiers:0:DefaultValue $version\"    ";
		};
/* End PBXShellScriptBuildPhase section */

/* Begin PBXSourcesBuildPhase section */
		B03ED6A61B1BF34B0027F59B /* Sources */ = {
			isa = PBXSourcesBuildPhase;
			buildActionMask = 2147483647;
			files = (
				B03ED6B21B1BF34B0027F59B /* TodayViewController.m in Sources */,
			);
			runOnlyForDeploymentPostprocessing = 0;
		};
		B03ED6BC1B1BF7D60027F59B /* Sources */ = {
			isa = PBXSourcesBuildPhase;
			buildActionMask = 2147483647;
			files = (
				B03ED7311B1C05900027F59B /* AFURLConnectionOperation.m in Sources */,
				B03ED7261B1C05900027F59B /* AFHTTPRequestOperation.m in Sources */,
				B03ED72D1B1C05900027F59B /* AFNetworkReachabilityManager.m in Sources */,
				B03ED7371B1C05900027F59B /* AFURLSessionManager.m in Sources */,
				B03ED7331B1C05900027F59B /* AFURLRequestSerialization.m in Sources */,
				B03ED6F71B1BFBB70027F59B /* SAWWaterLevel.m in Sources */,
				B03ED7351B1C05900027F59B /* AFURLResponseSerialization.m in Sources */,
				B03ED6F31B1BFBB70027F59B /* SAWIrrigationSchedule.m in Sources */,
				B03ED6F51B1BFBB70027F59B /* SAWStageLevel.m in Sources */,
				B01E28621B2E48FC009EE936 /* NSDate+TimeAgo.m in Sources */,
				B03ED7401B1C07300027F59B /* SAWNetworkController.m in Sources */,
				B03ED7281B1C05900027F59B /* AFHTTPRequestOperationManager.m in Sources */,
				B03ED72F1B1C05900027F59B /* AFSecurityPolicy.m in Sources */,
				B03ED6EF1B1BFBB70027F59B /* SAWConstants.m in Sources */,
				B03ED74B1B1C11AA0027F59B /* SAWStageLevel+UI.m in Sources */,
				B03ED6F11B1BFBB70027F59B /* SAWDataController.m in Sources */,
				B03ED72A1B1C05900027F59B /* AFHTTPSessionManager.m in Sources */,
			);
			runOnlyForDeploymentPostprocessing = 0;
		};
		B03ED6C71B1BF7D60027F59B /* Sources */ = {
			isa = PBXSourcesBuildPhase;
			buildActionMask = 2147483647;
			files = (
				B03ED6D51B1BF7D70027F59B /* SAWaterLevelCommonTests.m in Sources */,
			);
			runOnlyForDeploymentPostprocessing = 0;
		};
		B03ED74C1B1D31B40027F59B /* Sources */ = {
			isa = PBXSourcesBuildPhase;
			buildActionMask = 2147483647;
			files = (
				B01E286B1B32513E009EE936 /* SAWNotificationInterfaceController.m in Sources */,
				B03ED77A1B1D36570027F59B /* SAWGlanceInterfaceController.m in Sources */,
			);
			runOnlyForDeploymentPostprocessing = 0;
		};
		B0C95A81193A4B0600A6F1FA /* Sources */ = {
			isa = PBXSourcesBuildPhase;
			buildActionMask = 2147483647;
			files = (
				B09C3928197181C9003F5BA8 /* UIStoryboardSegue+TargetDestination.m in Sources */,
				B09C392419717F27003F5BA8 /* SAWCurrentLevelDataSource.m in Sources */,
				B0C95A99193A4B0600A6F1FA /* SAWAppDelegate.m in Sources */,
				B09C39481971C262003F5BA8 /* SAWLocalNotificationManager.m in Sources */,
				B0C95B17193A815700A6F1FA /* TRModalTransition.m in Sources */,
				B0B8707C197CB97300F367FB /* SAWStageLevelDescrepencyEducationView.m in Sources */,
				B0C95AF9193A721200A6F1FA /* SAWStageDetailsViewController.m in Sources */,
				B0C95A95193A4B0600A6F1FA /* main.m in Sources */,
				B09C391E19717D71003F5BA8 /* SAWRemindersViewController.m in Sources */,
				B0C95AF1193A5DFA00A6F1FA /* SAWLevelModel.m in Sources */,
				B0C95AF5193A6AFD00A6F1FA /* SAWHeaderView.m in Sources */,
				B0C95AEE193A531F00A6F1FA /* SAWCurrentLevelViewController.m in Sources */,
			);
			runOnlyForDeploymentPostprocessing = 0;
		};
		B0C95AA5193A4B0600A6F1FA /* Sources */ = {
			isa = PBXSourcesBuildPhase;
			buildActionMask = 2147483647;
			files = (
				B09C39571972384D003F5BA8 /* SAWLocalNotificationManagerTest.m in Sources */,
				B09C394E197237EB003F5BA8 /* SAWLocalNotificationManager.m in Sources */,
				B09C39561972384D003F5BA8 /* SAWStageLevelTest.m in Sources */,
			);
			runOnlyForDeploymentPostprocessing = 0;
		};
/* End PBXSourcesBuildPhase section */

/* Begin PBXTargetDependency section */
		B03ED6B61B1BF34B0027F59B /* PBXTargetDependency */ = {
			isa = PBXTargetDependency;
			target = B03ED6A91B1BF34B0027F59B /* SAWaterTodayWidget */;
			targetProxy = B03ED6B51B1BF34B0027F59B /* PBXContainerItemProxy */;
		};
		B03ED6CE1B1BF7D60027F59B /* PBXTargetDependency */ = {
			isa = PBXTargetDependency;
			target = B03ED6C01B1BF7D60027F59B /* SAWaterLevelCommon */;
			targetProxy = B03ED6CD1B1BF7D60027F59B /* PBXContainerItemProxy */;
		};
		B03ED6D01B1BF7D70027F59B /* PBXTargetDependency */ = {
			isa = PBXTargetDependency;
			target = B0C95A84193A4B0600A6F1FA /* SAWaterLevel */;
			targetProxy = B03ED6CF1B1BF7D70027F59B /* PBXContainerItemProxy */;
		};
		B03ED6D71B1BF7D70027F59B /* PBXTargetDependency */ = {
			isa = PBXTargetDependency;
			target = B03ED6C01B1BF7D60027F59B /* SAWaterLevelCommon */;
			targetProxy = B03ED6D61B1BF7D70027F59B /* PBXContainerItemProxy */;
		};
		B03ED7621B1D31B50027F59B /* PBXTargetDependency */ = {
			isa = PBXTargetDependency;
			target = B03ED75E1B1D31B40027F59B /* SAWaterLevel WatchKit App */;
			targetProxy = B03ED7611B1D31B50027F59B /* PBXContainerItemProxy */;
		};
		B03ED76C1B1D31B50027F59B /* PBXTargetDependency */ = {
			isa = PBXTargetDependency;
			target = B03ED74F1B1D31B40027F59B /* SAWaterLevel WatchKit Extension */;
			targetProxy = B03ED76B1B1D31B50027F59B /* PBXContainerItemProxy */;
		};
		B0C95AAF193A4B0600A6F1FA /* PBXTargetDependency */ = {
			isa = PBXTargetDependency;
			target = B0C95A84193A4B0600A6F1FA /* SAWaterLevel */;
			targetProxy = B0C95AAE193A4B0600A6F1FA /* PBXContainerItemProxy */;
		};
/* End PBXTargetDependency section */

/* Begin PBXVariantGroup section */
		B03ED7661B1D31B50027F59B /* Interface.storyboard */ = {
			isa = PBXVariantGroup;
			children = (
				B03ED7671B1D31B50027F59B /* Base */,
			);
			name = Interface.storyboard;
			sourceTree = "<group>";
		};
		B0C95A91193A4B0600A6F1FA /* InfoPlist.strings */ = {
			isa = PBXVariantGroup;
			children = (
				B0C95A92193A4B0600A6F1FA /* en */,
				B09C395819735CF4003F5BA8 /* es */,
			);
			name = InfoPlist.strings;
			sourceTree = "<group>";
		};
		B0C95A9A193A4B0600A6F1FA /* Main_iPhone.storyboard */ = {
			isa = PBXVariantGroup;
			children = (
				B0C95A9B193A4B0600A6F1FA /* Base */,
			);
			name = Main_iPhone.storyboard;
			sourceTree = "<group>";
		};
		B0C95AB3193A4B0600A6F1FA /* InfoPlist.strings */ = {
			isa = PBXVariantGroup;
			children = (
				B0C95AB4193A4B0600A6F1FA /* en */,
			);
			name = InfoPlist.strings;
			sourceTree = "<group>";
		};
		B0C95B21193B687800A6F1FA /* Localizable.strings */ = {
			isa = PBXVariantGroup;
			children = (
				B0C95B20193B687800A6F1FA /* en */,
				B0C95B22193B690400A6F1FA /* es */,
			);
			name = Localizable.strings;
			sourceTree = "<group>";
		};
/* End PBXVariantGroup section */

/* Begin XCBuildConfiguration section */
		B03ED6B91B1BF34B0027F59B /* Debug */ = {
			isa = XCBuildConfiguration;
			buildSettings = {
				CLANG_WARN_UNREACHABLE_CODE = YES;
				CODE_SIGN_ENTITLEMENTS = SAWaterTodayWidget/SAWaterTodayWidget.entitlements;
				CODE_SIGN_IDENTITY = "iPhone Developer";
				"CODE_SIGN_IDENTITY[sdk=iphoneos*]" = "iPhone Developer";
				DEBUG_INFORMATION_FORMAT = "dwarf-with-dsym";
				ENABLE_STRICT_OBJC_MSGSEND = YES;
				GCC_NO_COMMON_BLOCKS = YES;
				GCC_PREPROCESSOR_DEFINITIONS = (
					"DEBUG=1",
					"$(inherited)",
				);
				INFOPLIST_FILE = SAWaterTodayWidget/Info.plist;
				IPHONEOS_DEPLOYMENT_TARGET = 8.0;
				LD_RUNPATH_SEARCH_PATHS = "$(inherited) @executable_path/Frameworks @executable_path/../../Frameworks";
				MTL_ENABLE_DEBUG_INFO = YES;
				PRODUCT_NAME = "$(TARGET_NAME)";
				PROVISIONING_PROFILE = "";
				SKIP_INSTALL = YES;
			};
			name = Debug;
		};
		B03ED6BA1B1BF34B0027F59B /* Release */ = {
			isa = XCBuildConfiguration;
			buildSettings = {
				CLANG_WARN_UNREACHABLE_CODE = YES;
				CODE_SIGN_ENTITLEMENTS = SAWaterTodayWidget/SAWaterTodayWidget.entitlements;
				CODE_SIGN_IDENTITY = "iPhone Developer";
				"CODE_SIGN_IDENTITY[sdk=iphoneos*]" = "iPhone Developer";
				COPY_PHASE_STRIP = NO;
				DEBUG_INFORMATION_FORMAT = "dwarf-with-dsym";
				ENABLE_STRICT_OBJC_MSGSEND = YES;
				GCC_NO_COMMON_BLOCKS = YES;
				INFOPLIST_FILE = SAWaterTodayWidget/Info.plist;
				IPHONEOS_DEPLOYMENT_TARGET = 8.0;
				LD_RUNPATH_SEARCH_PATHS = "$(inherited) @executable_path/Frameworks @executable_path/../../Frameworks";
				MTL_ENABLE_DEBUG_INFO = NO;
				PRODUCT_NAME = "$(TARGET_NAME)";
				PROVISIONING_PROFILE = "7e9158a7-740e-42b8-a3ca-1912d7704aa1";
				SKIP_INSTALL = YES;
			};
			name = Release;
		};
		B03ED6DB1B1BF7D70027F59B /* Debug */ = {
			isa = XCBuildConfiguration;
			buildSettings = {
				APPLICATION_EXTENSION_API_ONLY = YES;
				CLANG_WARN_UNREACHABLE_CODE = YES;
				CURRENT_PROJECT_VERSION = 1;
				DEBUG_INFORMATION_FORMAT = "dwarf-with-dsym";
				DEFINES_MODULE = YES;
				DYLIB_COMPATIBILITY_VERSION = 1;
				DYLIB_CURRENT_VERSION = 1;
				DYLIB_INSTALL_NAME_BASE = "@rpath";
				ENABLE_STRICT_OBJC_MSGSEND = YES;
				GCC_NO_COMMON_BLOCKS = YES;
				GCC_PREPROCESSOR_DEFINITIONS = (
					"$(inherited)",
					"AF_APP_EXTENSIONS=1",
				);
				INFOPLIST_FILE = SAWaterLevelCommon/Info.plist;
				INSTALL_PATH = "$(LOCAL_LIBRARY_DIR)/Frameworks";
				IPHONEOS_DEPLOYMENT_TARGET = 8.0;
				LD_RUNPATH_SEARCH_PATHS = "$(inherited) @executable_path/Frameworks @loader_path/Frameworks";
				MTL_ENABLE_DEBUG_INFO = YES;
				PRODUCT_NAME = "$(TARGET_NAME)";
				SKIP_INSTALL = YES;
				VERSIONING_SYSTEM = "apple-generic";
				VERSION_INFO_PREFIX = "";
			};
			name = Debug;
		};
		B03ED6DC1B1BF7D70027F59B /* Release */ = {
			isa = XCBuildConfiguration;
			buildSettings = {
				APPLICATION_EXTENSION_API_ONLY = YES;
				CLANG_WARN_UNREACHABLE_CODE = YES;
				COPY_PHASE_STRIP = NO;
				CURRENT_PROJECT_VERSION = 1;
				DEBUG_INFORMATION_FORMAT = "dwarf-with-dsym";
				DEFINES_MODULE = YES;
				DYLIB_COMPATIBILITY_VERSION = 1;
				DYLIB_CURRENT_VERSION = 1;
				DYLIB_INSTALL_NAME_BASE = "@rpath";
				ENABLE_STRICT_OBJC_MSGSEND = YES;
				GCC_NO_COMMON_BLOCKS = YES;
				GCC_PREPROCESSOR_DEFINITIONS = "AF_APP_EXTENSIONS=1";
				INFOPLIST_FILE = SAWaterLevelCommon/Info.plist;
				INSTALL_PATH = "$(LOCAL_LIBRARY_DIR)/Frameworks";
				IPHONEOS_DEPLOYMENT_TARGET = 8.0;
				LD_RUNPATH_SEARCH_PATHS = "$(inherited) @executable_path/Frameworks @loader_path/Frameworks";
				MTL_ENABLE_DEBUG_INFO = NO;
				PRODUCT_NAME = "$(TARGET_NAME)";
				SKIP_INSTALL = YES;
				VERSIONING_SYSTEM = "apple-generic";
				VERSION_INFO_PREFIX = "";
			};
			name = Release;
		};
		B03ED6DF1B1BF7D70027F59B /* Debug */ = {
			isa = XCBuildConfiguration;
			buildSettings = {
				CLANG_WARN_UNREACHABLE_CODE = YES;
				DEBUG_INFORMATION_FORMAT = "dwarf-with-dsym";
				ENABLE_STRICT_OBJC_MSGSEND = YES;
				FRAMEWORK_SEARCH_PATHS = (
					"$(SDKROOT)/Developer/Library/Frameworks",
					"$(inherited)",
				);
				GCC_NO_COMMON_BLOCKS = YES;
				GCC_PREPROCESSOR_DEFINITIONS = (
					"DEBUG=1",
					"$(inherited)",
				);
				INFOPLIST_FILE = SAWaterLevelCommonTests/Info.plist;
				IPHONEOS_DEPLOYMENT_TARGET = 8.3;
				LD_RUNPATH_SEARCH_PATHS = "$(inherited) @executable_path/Frameworks @loader_path/Frameworks";
				MTL_ENABLE_DEBUG_INFO = YES;
				PRODUCT_NAME = "$(TARGET_NAME)";
				TEST_HOST = "$(BUILT_PRODUCTS_DIR)/SAWaterLevel.app/SAWaterLevel";
			};
			name = Debug;
		};
		B03ED6E01B1BF7D70027F59B /* Release */ = {
			isa = XCBuildConfiguration;
			buildSettings = {
				CLANG_WARN_UNREACHABLE_CODE = YES;
				COPY_PHASE_STRIP = NO;
				DEBUG_INFORMATION_FORMAT = "dwarf-with-dsym";
				ENABLE_STRICT_OBJC_MSGSEND = YES;
				FRAMEWORK_SEARCH_PATHS = (
					"$(SDKROOT)/Developer/Library/Frameworks",
					"$(inherited)",
				);
				GCC_NO_COMMON_BLOCKS = YES;
				INFOPLIST_FILE = SAWaterLevelCommonTests/Info.plist;
				IPHONEOS_DEPLOYMENT_TARGET = 8.3;
				LD_RUNPATH_SEARCH_PATHS = "$(inherited) @executable_path/Frameworks @loader_path/Frameworks";
				MTL_ENABLE_DEBUG_INFO = NO;
				PRODUCT_NAME = "$(TARGET_NAME)";
				TEST_HOST = "$(BUILT_PRODUCTS_DIR)/SAWaterLevel.app/SAWaterLevel";
			};
			name = Release;
		};
		B03ED76F1B1D31B50027F59B /* Debug */ = {
			isa = XCBuildConfiguration;
			buildSettings = {
				ASSETCATALOG_COMPILER_APPICON_NAME = AppIcon;
				CLANG_WARN_UNREACHABLE_CODE = YES;
				CODE_SIGN_IDENTITY = "iPhone Developer";
				DEBUG_INFORMATION_FORMAT = "dwarf-with-dsym";
				ENABLE_STRICT_OBJC_MSGSEND = YES;
				GCC_NO_COMMON_BLOCKS = YES;
				GCC_PREPROCESSOR_DEFINITIONS = (
					"DEBUG=1",
					"$(inherited)",
				);
				IBSC_MODULE = SAWaterLevel_WatchKit_Extension;
				INFOPLIST_FILE = "SAWaterLevel WatchKit App/Info.plist";
				IPHONEOS_DEPLOYMENT_TARGET = 8.2;
				MTL_ENABLE_DEBUG_INFO = YES;
				PRODUCT_NAME = "$(TARGET_NAME)";
				SKIP_INSTALL = YES;
				TARGETED_DEVICE_FAMILY = 4;
				"TARGETED_DEVICE_FAMILY[sdk=iphonesimulator*]" = "1,4";
			};
			name = Debug;
		};
		B03ED7701B1D31B50027F59B /* Release */ = {
			isa = XCBuildConfiguration;
			buildSettings = {
				ASSETCATALOG_COMPILER_APPICON_NAME = AppIcon;
				CLANG_WARN_UNREACHABLE_CODE = YES;
				CODE_SIGN_IDENTITY = "iPhone Developer";
				COPY_PHASE_STRIP = NO;
				DEBUG_INFORMATION_FORMAT = "dwarf-with-dsym";
				ENABLE_STRICT_OBJC_MSGSEND = YES;
				GCC_NO_COMMON_BLOCKS = YES;
				IBSC_MODULE = SAWaterLevel_WatchKit_Extension;
				INFOPLIST_FILE = "SAWaterLevel WatchKit App/Info.plist";
				IPHONEOS_DEPLOYMENT_TARGET = 8.2;
				MTL_ENABLE_DEBUG_INFO = NO;
				PRODUCT_NAME = "$(TARGET_NAME)";
				PROVISIONING_PROFILE = "1e8f7830-2fd9-4ac8-b55c-060f2ce2ba37";
				SKIP_INSTALL = YES;
				TARGETED_DEVICE_FAMILY = 4;
				"TARGETED_DEVICE_FAMILY[sdk=iphonesimulator*]" = "1,4";
			};
			name = Release;
		};
		B03ED7721B1D31B50027F59B /* Debug */ = {
			isa = XCBuildConfiguration;
			buildSettings = {
				CLANG_WARN_UNREACHABLE_CODE = YES;
				CODE_SIGN_ENTITLEMENTS = "SAWaterLevel WatchKit Extension/SAWaterLevel WatchKit Extension.entitlements";
				CODE_SIGN_IDENTITY = "iPhone Developer";
				"CODE_SIGN_IDENTITY[sdk=iphoneos*]" = "iPhone Developer";
				DEBUG_INFORMATION_FORMAT = "dwarf-with-dsym";
				ENABLE_STRICT_OBJC_MSGSEND = YES;
				GCC_NO_COMMON_BLOCKS = YES;
				GCC_PREPROCESSOR_DEFINITIONS = (
					"DEBUG=1",
					"$(inherited)",
				);
				INFOPLIST_FILE = "SAWaterLevel WatchKit Extension/Info.plist";
				IPHONEOS_DEPLOYMENT_TARGET = 8.2;
				LD_RUNPATH_SEARCH_PATHS = "$(inherited) @executable_path/Frameworks @executable_path/../../Frameworks";
				MTL_ENABLE_DEBUG_INFO = YES;
				PRODUCT_NAME = "${TARGET_NAME}";
				PROVISIONING_PROFILE = "";
				SKIP_INSTALL = YES;
			};
			name = Debug;
		};
		B03ED7731B1D31B50027F59B /* Release */ = {
			isa = XCBuildConfiguration;
			buildSettings = {
				CLANG_WARN_UNREACHABLE_CODE = YES;
				CODE_SIGN_ENTITLEMENTS = "SAWaterLevel WatchKit Extension/SAWaterLevel WatchKit Extension.entitlements";
				CODE_SIGN_IDENTITY = "iPhone Developer";
				"CODE_SIGN_IDENTITY[sdk=iphoneos*]" = "iPhone Developer";
				COPY_PHASE_STRIP = NO;
				DEBUG_INFORMATION_FORMAT = "dwarf-with-dsym";
				ENABLE_STRICT_OBJC_MSGSEND = YES;
				GCC_NO_COMMON_BLOCKS = YES;
				INFOPLIST_FILE = "SAWaterLevel WatchKit Extension/Info.plist";
				IPHONEOS_DEPLOYMENT_TARGET = 8.2;
				LD_RUNPATH_SEARCH_PATHS = "$(inherited) @executable_path/Frameworks @executable_path/../../Frameworks";
				MTL_ENABLE_DEBUG_INFO = NO;
				PRODUCT_NAME = "${TARGET_NAME}";
				PROVISIONING_PROFILE = "8e18451a-a15d-47f4-b66f-c30d24a07b77";
				SKIP_INSTALL = YES;
			};
			name = Release;
		};
		B0C95AB8193A4B0600A6F1FA /* Debug */ = {
			isa = XCBuildConfiguration;
			buildSettings = {
				ALWAYS_SEARCH_USER_PATHS = NO;
				CLANG_CXX_LANGUAGE_STANDARD = "gnu++0x";
				CLANG_CXX_LIBRARY = "libc++";
				CLANG_ENABLE_MODULES = YES;
				CLANG_ENABLE_OBJC_ARC = YES;
				CLANG_WARN_BOOL_CONVERSION = YES;
				CLANG_WARN_CONSTANT_CONVERSION = YES;
				CLANG_WARN_DIRECT_OBJC_ISA_USAGE = YES_ERROR;
				CLANG_WARN_EMPTY_BODY = YES;
				CLANG_WARN_ENUM_CONVERSION = YES;
				CLANG_WARN_INT_CONVERSION = YES;
				CLANG_WARN_OBJC_ROOT_CLASS = YES_ERROR;
				CLANG_WARN__DUPLICATE_METHOD_MATCH = YES;
				"CODE_SIGN_IDENTITY[sdk=iphoneos*]" = "iPhone Developer";
				COPY_PHASE_STRIP = NO;
				GCC_C_LANGUAGE_STANDARD = gnu99;
				GCC_DYNAMIC_NO_PIC = NO;
				GCC_OPTIMIZATION_LEVEL = 0;
				GCC_PREPROCESSOR_DEFINITIONS = (
					"DEBUG=1",
					"$(inherited)",
				);
				GCC_SYMBOLS_PRIVATE_EXTERN = NO;
				GCC_WARN_64_TO_32_BIT_CONVERSION = YES;
				GCC_WARN_ABOUT_RETURN_TYPE = YES_ERROR;
				GCC_WARN_UNDECLARED_SELECTOR = YES;
				GCC_WARN_UNINITIALIZED_AUTOS = YES_AGGRESSIVE;
				GCC_WARN_UNUSED_FUNCTION = YES;
				GCC_WARN_UNUSED_VARIABLE = YES;
				IPHONEOS_DEPLOYMENT_TARGET = 7.0;
				ONLY_ACTIVE_ARCH = YES;
				SDKROOT = iphoneos;
				TARGETED_DEVICE_FAMILY = "1,2";
			};
			name = Debug;
		};
		B0C95AB9193A4B0600A6F1FA /* Release */ = {
			isa = XCBuildConfiguration;
			buildSettings = {
				ALWAYS_SEARCH_USER_PATHS = NO;
				CLANG_CXX_LANGUAGE_STANDARD = "gnu++0x";
				CLANG_CXX_LIBRARY = "libc++";
				CLANG_ENABLE_MODULES = YES;
				CLANG_ENABLE_OBJC_ARC = YES;
				CLANG_WARN_BOOL_CONVERSION = YES;
				CLANG_WARN_CONSTANT_CONVERSION = YES;
				CLANG_WARN_DIRECT_OBJC_ISA_USAGE = YES_ERROR;
				CLANG_WARN_EMPTY_BODY = YES;
				CLANG_WARN_ENUM_CONVERSION = YES;
				CLANG_WARN_INT_CONVERSION = YES;
				CLANG_WARN_OBJC_ROOT_CLASS = YES_ERROR;
				CLANG_WARN__DUPLICATE_METHOD_MATCH = YES;
				"CODE_SIGN_IDENTITY[sdk=iphoneos*]" = "iPhone Developer";
				COPY_PHASE_STRIP = YES;
				ENABLE_NS_ASSERTIONS = NO;
				GCC_C_LANGUAGE_STANDARD = gnu99;
				GCC_WARN_64_TO_32_BIT_CONVERSION = YES;
				GCC_WARN_ABOUT_RETURN_TYPE = YES_ERROR;
				GCC_WARN_UNDECLARED_SELECTOR = YES;
				GCC_WARN_UNINITIALIZED_AUTOS = YES_AGGRESSIVE;
				GCC_WARN_UNUSED_FUNCTION = YES;
				GCC_WARN_UNUSED_VARIABLE = YES;
				IPHONEOS_DEPLOYMENT_TARGET = 7.0;
				SDKROOT = iphoneos;
				TARGETED_DEVICE_FAMILY = "1,2";
				VALIDATE_PRODUCT = YES;
			};
			name = Release;
		};
		B0C95ABB193A4B0600A6F1FA /* Debug */ = {
			isa = XCBuildConfiguration;
			buildSettings = {
				ASSETCATALOG_COMPILER_APPICON_NAME = AppIcon;
				ASSETCATALOG_COMPILER_LAUNCHIMAGE_NAME = LaunchImage;
				CODE_SIGN_ENTITLEMENTS = SAWaterLevel/SAWaterLevel.entitlements;
				CODE_SIGN_IDENTITY = "iPhone Developer";
				"CODE_SIGN_IDENTITY[sdk=iphoneos*]" = "iPhone Developer";
				GCC_PRECOMPILE_PREFIX_HEADER = YES;
				GCC_PREFIX_HEADER = "SAWaterLevel/SAWaterLevel-Prefix.pch";
				INFOPLIST_FILE = "SAWaterLevel/SAWaterLevel-Info.plist";
				IPHONEOS_DEPLOYMENT_TARGET = 8.0;
				LD_RUNPATH_SEARCH_PATHS = "$(inherited) @executable_path/Frameworks";
				PRODUCT_NAME = "$(TARGET_NAME)";
				PROVISIONING_PROFILE = "";
				TARGETED_DEVICE_FAMILY = 1;
				WRAPPER_EXTENSION = app;
			};
			name = Debug;
		};
		B0C95ABC193A4B0600A6F1FA /* Release */ = {
			isa = XCBuildConfiguration;
			buildSettings = {
				ASSETCATALOG_COMPILER_APPICON_NAME = AppIcon;
				ASSETCATALOG_COMPILER_LAUNCHIMAGE_NAME = LaunchImage;
				CODE_SIGN_ENTITLEMENTS = SAWaterLevel/SAWaterLevel.entitlements;
				CODE_SIGN_IDENTITY = "iPhone Developer";
				"CODE_SIGN_IDENTITY[sdk=iphoneos*]" = "iPhone Developer";
				GCC_PRECOMPILE_PREFIX_HEADER = YES;
				GCC_PREFIX_HEADER = "SAWaterLevel/SAWaterLevel-Prefix.pch";
				INFOPLIST_FILE = "SAWaterLevel/SAWaterLevel-Info.plist";
				IPHONEOS_DEPLOYMENT_TARGET = 8.0;
				LD_RUNPATH_SEARCH_PATHS = "$(inherited) @executable_path/Frameworks";
				PRODUCT_NAME = "$(TARGET_NAME)";
				PROVISIONING_PROFILE = "7d37b11e-e49c-4000-8090-5a01472197d2";
				TARGETED_DEVICE_FAMILY = 1;
				WRAPPER_EXTENSION = app;
			};
			name = Release;
		};
		B0C95ABE193A4B0600A6F1FA /* Debug */ = {
			isa = XCBuildConfiguration;
			buildSettings = {
				BUNDLE_LOADER = "$(BUILT_PRODUCTS_DIR)/SAWaterLevel.app/SAWaterLevel";
				FRAMEWORK_SEARCH_PATHS = (
					"$(SDKROOT)/Developer/Library/Frameworks",
					"$(inherited)",
					"$(DEVELOPER_FRAMEWORKS_DIR)",
				);
				GCC_PRECOMPILE_PREFIX_HEADER = YES;
				GCC_PREFIX_HEADER = "SAWaterLevel/SAWaterLevel-Prefix.pch";
				GCC_PREPROCESSOR_DEFINITIONS = (
					"DEBUG=1",
					"$(inherited)",
				);
				INFOPLIST_FILE = "SAWaterLevelTests/SAWaterLevelTests-Info.plist";
				PRODUCT_NAME = "$(TARGET_NAME)";
				TEST_HOST = "$(BUNDLE_LOADER)";
				WRAPPER_EXTENSION = xctest;
			};
			name = Debug;
		};
		B0C95ABF193A4B0600A6F1FA /* Release */ = {
			isa = XCBuildConfiguration;
			buildSettings = {
				BUNDLE_LOADER = "$(BUILT_PRODUCTS_DIR)/SAWaterLevel.app/SAWaterLevel";
				FRAMEWORK_SEARCH_PATHS = (
					"$(SDKROOT)/Developer/Library/Frameworks",
					"$(inherited)",
					"$(DEVELOPER_FRAMEWORKS_DIR)",
				);
				GCC_PRECOMPILE_PREFIX_HEADER = YES;
				GCC_PREFIX_HEADER = "SAWaterLevel/SAWaterLevel-Prefix.pch";
				INFOPLIST_FILE = "SAWaterLevelTests/SAWaterLevelTests-Info.plist";
				PRODUCT_NAME = "$(TARGET_NAME)";
				TEST_HOST = "$(BUNDLE_LOADER)";
				WRAPPER_EXTENSION = xctest;
			};
			name = Release;
		};
/* End XCBuildConfiguration section */

/* Begin XCConfigurationList section */
		B03ED6B81B1BF34B0027F59B /* Build configuration list for PBXNativeTarget "SAWaterTodayWidget" */ = {
			isa = XCConfigurationList;
			buildConfigurations = (
				B03ED6B91B1BF34B0027F59B /* Debug */,
				B03ED6BA1B1BF34B0027F59B /* Release */,
			);
			defaultConfigurationIsVisible = 0;
			defaultConfigurationName = Release;
		};
		B03ED6DA1B1BF7D70027F59B /* Build configuration list for PBXNativeTarget "SAWaterLevelCommon" */ = {
			isa = XCConfigurationList;
			buildConfigurations = (
				B03ED6DB1B1BF7D70027F59B /* Debug */,
				B03ED6DC1B1BF7D70027F59B /* Release */,
			);
			defaultConfigurationIsVisible = 0;
			defaultConfigurationName = Release;
		};
		B03ED6DE1B1BF7D70027F59B /* Build configuration list for PBXNativeTarget "SAWaterLevelCommonTests" */ = {
			isa = XCConfigurationList;
			buildConfigurations = (
				B03ED6DF1B1BF7D70027F59B /* Debug */,
				B03ED6E01B1BF7D70027F59B /* Release */,
			);
			defaultConfigurationIsVisible = 0;
			defaultConfigurationName = Release;
		};
		B03ED76E1B1D31B50027F59B /* Build configuration list for PBXNativeTarget "SAWaterLevel WatchKit App" */ = {
			isa = XCConfigurationList;
			buildConfigurations = (
				B03ED76F1B1D31B50027F59B /* Debug */,
				B03ED7701B1D31B50027F59B /* Release */,
			);
			defaultConfigurationIsVisible = 0;
			defaultConfigurationName = Release;
		};
		B03ED7711B1D31B50027F59B /* Build configuration list for PBXNativeTarget "SAWaterLevel WatchKit Extension" */ = {
			isa = XCConfigurationList;
			buildConfigurations = (
				B03ED7721B1D31B50027F59B /* Debug */,
				B03ED7731B1D31B50027F59B /* Release */,
			);
			defaultConfigurationIsVisible = 0;
			defaultConfigurationName = Release;
		};
		B0C95A80193A4B0600A6F1FA /* Build configuration list for PBXProject "SAWaterLevel" */ = {
			isa = XCConfigurationList;
			buildConfigurations = (
				B0C95AB8193A4B0600A6F1FA /* Debug */,
				B0C95AB9193A4B0600A6F1FA /* Release */,
			);
			defaultConfigurationIsVisible = 0;
			defaultConfigurationName = Release;
		};
		B0C95ABA193A4B0600A6F1FA /* Build configuration list for PBXNativeTarget "SAWaterLevel" */ = {
			isa = XCConfigurationList;
			buildConfigurations = (
				B0C95ABB193A4B0600A6F1FA /* Debug */,
				B0C95ABC193A4B0600A6F1FA /* Release */,
			);
			defaultConfigurationIsVisible = 0;
			defaultConfigurationName = Release;
		};
		B0C95ABD193A4B0600A6F1FA /* Build configuration list for PBXNativeTarget "SAWaterLevelTests" */ = {
			isa = XCConfigurationList;
			buildConfigurations = (
				B0C95ABE193A4B0600A6F1FA /* Debug */,
				B0C95ABF193A4B0600A6F1FA /* Release */,
			);
			defaultConfigurationIsVisible = 0;
			defaultConfigurationName = Release;
		};
/* End XCConfigurationList section */
	};
	rootObject = B0C95A7D193A4B0600A6F1FA /* Project object */;
}
